{
    "_meta": {
        "hash": {
            "sha256": "983a88b9e9173819854e7c72539dceeba092a2f174e3de61f3510706afd8e248"
        },
        "pipfile-spec": 6,
        "requires": {
            "python_version": "3.8"
        },
        "sources": [
            {
                "name": "pypi",
                "url": "https://pypi.org/simple",
                "verify_ssl": true
            }
        ]
    },
    "default": {},
    "develop": {
        "appdirs": {
            "hashes": [
                "sha256:7d5d0167b2b1ba821647616af46a749d1c653740dd0d2415100fe26e27afdf41",
                "sha256:a841dacd6b99318a741b166adb07e19ee71a274450e68237b4650ca1055ab128"
            ],
            "version": "==1.4.4"
        },
        "assertpy": {
            "hashes": [
                "sha256:acc64329934ad71a3221de185517a43af33e373bb44dc05b5a9b174394ef4833"
            ],
            "index": "pypi",
            "version": "==1.1"
        },
        "attrs": {
            "hashes": [
                "sha256:31b2eced602aa8423c2aea9c76a724617ed67cf9513173fd3a4f03e3a929c7e6",
                "sha256:832aa3cde19744e49938b91fea06d69ecb9e649c93ba974535d08ad92164f700"
            ],
            "markers": "python_version >= '2.7' and python_version not in '3.0, 3.1, 3.2, 3.3'",
            "version": "==20.3.0"
        },
        "aws-cdk.assets": {
            "hashes": [
                "sha256:96e89ea0293faff7ff404ad757cc56c9b974fc00c93a25f8a8c5103803015146",
                "sha256:bba618cfbefa968058f48f07363826111028580efd82e2a8f13c2aca8ddc409a"
            ],
            "markers": "python_version >= '3.6'",
            "version": "==1.105.0"
        },
        "aws-cdk.aws-apigateway": {
            "hashes": [
                "sha256:17edbee373323f0799b1aff4dce5abbc6f55ed121ec58b23613b40eebadbab02",
                "sha256:8e0eaa52f1be5b96bc0f38e6a91726beae42aa9997246976eaec03026fd4ebb9"
            ],
            "index": "pypi",
            "version": "==1.105.0"
        },
        "aws-cdk.aws-applicationautoscaling": {
            "hashes": [
                "sha256:58aa3738bf6ca9ead9204b193a27c37f6b099182e0f759fe0bae5ec53df75d2d",
                "sha256:f45c565b2abb98d6073c8f5d120dd0e9d8892c52ba735b2aa0e7e7b894ba8c3c"
            ],
            "markers": "python_version >= '3.6'",
            "version": "==1.105.0"
        },
        "aws-cdk.aws-autoscaling": {
            "hashes": [
                "sha256:c41084f27d672effa4facc2bd08eba8a94c4058d5ce676a29d3a3b3711da1893",
                "sha256:cbd4d35e1cfc66ced7372202ccb5f017e5420029acd3e366a0bf984c65c500ff"
            ],
            "markers": "python_version >= '3.6'",
            "version": "==1.105.0"
        },
        "aws-cdk.aws-autoscaling-common": {
            "hashes": [
                "sha256:44d9c844c6110f834efebda29027cea8bcc0c1cad19ddc4fea846feb86ca7ab6",
                "sha256:68dd401f6bd1a8da4881376844df2c74b022e5d12380b89e4c10a8027168df8d"
            ],
            "markers": "python_version >= '3.6'",
            "version": "==1.105.0"
        },
        "aws-cdk.aws-autoscaling-hooktargets": {
            "hashes": [
                "sha256:39610a2aaa2e3b92111800e2c79ec4c009164e917003cc4f17052c5f518b3120",
                "sha256:92a776f7c633331ebd7fcb3a552e0a654d549537f3ba056d2f42dd9643ac03b9"
            ],
            "markers": "python_version >= '3.6'",
            "version": "==1.105.0"
        },
        "aws-cdk.aws-certificatemanager": {
            "hashes": [
                "sha256:8351dfb997c53f2d4829cc35841649ac57bbc5bd92d70e321bfba44f741d3204",
                "sha256:e06901d148feb110d8928382994b99d62ce2ebc9bb6672e559d67ab01ab65611"
            ],
            "markers": "python_version >= '3.6'",
            "version": "==1.105.0"
        },
        "aws-cdk.aws-cloudformation": {
            "hashes": [
                "sha256:53f08eff74f00260e6b602e6ecaf0164c1eca3cd39414af449dbeaf9249bcbaf",
                "sha256:7ddda80ebf11fa48e414ead178be524bab2d92ca9e6b6f8413db346d7e245ae3"
            ],
            "markers": "python_version >= '3.6'",
            "version": "==1.105.0"
        },
        "aws-cdk.aws-cloudfront": {
            "hashes": [
                "sha256:18517235a794910fc43413e39bc4d3d18d03900d6d1dda24ec9272bb72a520ed",
                "sha256:6df71b22283b1cd69458e11cee88451c50dc3577f54916f2d6241dad61a46475"
            ],
            "markers": "python_version >= '3.6'",
            "version": "==1.105.0"
        },
        "aws-cdk.aws-cloudwatch": {
            "hashes": [
                "sha256:8d876304e434fc9eac2a0875aff58eecd77f6be2cc34d8074838a83a638d9311",
                "sha256:ee7353938c54852160eca2180aac13f494070d75487c9fb73ebfb8d67bd39c57"
            ],
            "markers": "python_version >= '3.6'",
            "version": "==1.105.0"
        },
        "aws-cdk.aws-codebuild": {
            "hashes": [
                "sha256:36b6297efe6c2715d61bba914efab6124cdb9fffed1fd75917e8fea74e994b18",
                "sha256:a34240e2d2fa98e5e06f2ea5f02c12b62e32b0c772264b28c38871a847e478d8"
            ],
            "markers": "python_version >= '3.6'",
            "version": "==1.105.0"
        },
        "aws-cdk.aws-codecommit": {
            "hashes": [
                "sha256:2c099cea40cea5c283fd0e0297a430010b14775a9c134850de7c3b73f154be39",
                "sha256:ec5c74f3792a0ac704a0be128f0dc73e49fc03d5f6fa7361feba57ff5f6003c9"
            ],
            "markers": "python_version >= '3.6'",
            "version": "==1.105.0"
        },
        "aws-cdk.aws-codeguruprofiler": {
            "hashes": [
                "sha256:0c0d14a8e1ba053a87c25a85910787c3e47123d19ee2d0c6b1c2e09d00e1bd2d",
                "sha256:b4d774a7c0f6aad4b50b48eaa9569d2b11af7367d7af50c9d94f949127f678c1"
            ],
            "markers": "python_version >= '3.6'",
            "version": "==1.105.0"
        },
        "aws-cdk.aws-codepipeline": {
            "hashes": [
                "sha256:30857cfc8a1937fd027063374f9a9efac955104ee15edeb0d409d50b23c58b3c",
                "sha256:d9771e8b984fdce6320dc8e10803bfb115e05a61b341a9e377e54f3bbcab47f7"
            ],
            "markers": "python_version >= '3.6'",
            "version": "==1.105.0"
        },
        "aws-cdk.aws-cognito": {
            "hashes": [
                "sha256:a4ae66677ef88d2cd417a6ab299030ba904bea3ced2fb2f3e58a272f04f778f6",
                "sha256:ab25c69bbea8323cef25d23b096e46b26c08bff7f6cf2ab23352ccc023b81f5c"
            ],
            "markers": "python_version >= '3.6'",
            "version": "==1.105.0"
        },
        "aws-cdk.aws-dynamodb": {
            "hashes": [
                "sha256:5f093629114cbac6bb056246c8d4384f0a132059a40b721035b04ffe8edcc81f",
                "sha256:9ca050eedaf1107d7d0b490356ab9b4a484c6c6e5505c31768c94720c7e10e98"
            ],
            "markers": "python_version >= '3.6'",
            "version": "==1.105.0"
        },
        "aws-cdk.aws-ec2": {
            "hashes": [
                "sha256:075cd7d87375f3de7f01f0ebc4009b14fcb5839bea8eaa57498ab96d31b6f745",
                "sha256:0d17f9641d3a2d6837df47f3d639eff790aeab77bd093f361590c4d64cdd8e8d"
            ],
            "index": "pypi",
            "version": "==1.105.0"
        },
        "aws-cdk.aws-ecr": {
            "hashes": [
                "sha256:72892d3683ae89a068aec9c6356b985b8a60fd55a995cb7f7b3b4c1e5b4f5332",
                "sha256:ae9ad8fc629ae5e051294dd966d079356d4bd45115556386ecf3e2e45a6ba686"
            ],
            "markers": "python_version >= '3.6'",
            "version": "==1.105.0"
        },
        "aws-cdk.aws-ecr-assets": {
            "hashes": [
                "sha256:63be71b037e3d18aa61f91b88d2ff0c8cb03f631450d38af0a25a8a352fa83fd",
                "sha256:7f4cc5d58db03a82c41bfc971b4f89fab5cc13f9133109428ac60457a24d6a0d"
            ],
            "markers": "python_version >= '3.6'",
            "version": "==1.105.0"
        },
        "aws-cdk.aws-ecs": {
            "hashes": [
                "sha256:db822c3e65939e0261702c3ea9569a4374f81df0b0b261f597b0ffe2d9d54142",
                "sha256:e6215c4afbb21a0c30582d89f51187a4e60132c65fd94ef055f924179cdc8c30"
            ],
            "markers": "python_version >= '3.6'",
            "version": "==1.105.0"
        },
        "aws-cdk.aws-efs": {
            "hashes": [
                "sha256:1ce865d04bf9466d9ae2d96de3bce6cf14a7f99f2f564cce1552bf06465ead08",
                "sha256:d01db036f13dca8bc993b84d9229e6ae2dbc306ca29d6d26669005cd5719d1ab"
            ],
            "markers": "python_version >= '3.6'",
            "version": "==1.105.0"
        },
        "aws-cdk.aws-eks": {
            "hashes": [
                "sha256:bb9a2f4c9b50398b570b8b09226c421c89d6af995a2903a9e6afe4eb2e3abf31",
                "sha256:d2ec66f8e17fa580e92a6d2efa861cb6af788a1057f673b820efa9879af61d51"
            ],
            "markers": "python_version >= '3.6'",
            "version": "==1.105.0"
        },
        "aws-cdk.aws-elasticloadbalancing": {
            "hashes": [
                "sha256:115cdca50b089ed07ed5221b0a8c3fa570f8e32d6f441748ff7ea6c6c59e8d78",
                "sha256:8a40873b5a12fba2a9a4eea80a17834a156e4a8748bf82c9409b8207aab020d2"
            ],
            "markers": "python_version >= '3.6'",
            "version": "==1.105.0"
        },
        "aws-cdk.aws-elasticloadbalancingv2": {
            "hashes": [
                "sha256:6d0c3ec529917dbb6244fcf50820aa8ccbe7af95066bc88094cbed264166d962",
                "sha256:e07e085f24de13593fb759459bf435f42928f518af40d720a03d46e9dad0309e"
            ],
            "markers": "python_version >= '3.6'",
            "version": "==1.105.0"
        },
        "aws-cdk.aws-events": {
            "hashes": [
                "sha256:718708d595c37440bdcaba0b5011ec2f66c656d8eafa5842026fde37ff974cd9",
                "sha256:8f310a8d8d13cf5c47f8f884f5139ec89609f84994d208b2e4cf01d6b59ec66c"
            ],
            "index": "pypi",
            "version": "==1.105.0"
        },
        "aws-cdk.aws-events-targets": {
            "hashes": [
                "sha256:4f9c34ccdaf7d4a6e2ce10f4518030108a03aee892653a655d3c03795b507451",
                "sha256:a784405a868450921d3486515ba7681494155c0ffd0fac68d33ef31468c1e590"
            ],
            "index": "pypi",
            "version": "==1.105.0"
        },
        "aws-cdk.aws-globalaccelerator": {
            "hashes": [
                "sha256:39d71a1971985f9164069460982fa63b04a7f7753b3e0c7f7265742cbb8ff62c",
                "sha256:d02bf67788bce2aaef1c0d6b095bb648826d302e8d4a8c8ec6c955136ac1fbe0"
            ],
            "markers": "python_version >= '3.6'",
            "version": "==1.105.0"
        },
        "aws-cdk.aws-iam": {
            "hashes": [
                "sha256:ae4b31a9b7f79a122f7dedd4125485c20525828e5043f7331ab67466ea69e7a2",
                "sha256:ed48ae0cbc983aa4399a6046e389d2a06c1a9230806846c901c2498b2a493c50"
            ],
            "markers": "python_version >= '3.6'",
            "version": "==1.105.0"
        },
        "aws-cdk.aws-kinesis": {
            "hashes": [
                "sha256:a3aca242789a8c342b60c11d20104156d45870a84bb8f17ee9a8eeb9494974a1",
                "sha256:e21a518ea87408ce430cb650e9469354ba9d1b8c5ef123954367be08192904bc"
            ],
            "markers": "python_version >= '3.6'",
            "version": "==1.105.0"
        },
        "aws-cdk.aws-kinesisfirehose": {
            "hashes": [
                "sha256:722cc2dbc9158cf133236d38e9900c30f6cae47418a9da82ca56a68d478ecf70",
                "sha256:c63570e83b4bce23b8a955ad40649b709282a0d6fb8e92d157e9a2350e3cdbac"
            ],
            "markers": "python_version >= '3.6'",
            "version": "==1.105.0"
        },
        "aws-cdk.aws-kms": {
            "hashes": [
                "sha256:2fcc5d84c056b935eca499cc825381fac5a3a03a50595f30e74cb3fbf6d7a200",
                "sha256:35fec3352e1fd6a5893baa6abc59c003c264676b9cf4a79696a9d2510dc89129"
            ],
            "markers": "python_version >= '3.6'",
            "version": "==1.105.0"
        },
        "aws-cdk.aws-lambda": {
            "hashes": [
                "sha256:1016bb2a3656c22ed507f89394f5bbd97be5d522f017481f1b89f111281f5a72",
                "sha256:f6eb44fa0b76f4938cae342186aece248eda0448ab48c6631dd20355903f29d9"
            ],
            "index": "pypi",
            "version": "==1.105.0"
        },
        "aws-cdk.aws-lambda-event-sources": {
            "hashes": [
                "sha256:2c77386c2906cdf8d234e550e205f6c8a175dccaddb87f2cfcbd4a868564dc2b",
                "sha256:2e60efac8f6ad5a2e39ad99a6839b5e897c8763251200156968f23beef3c5da0"
            ],
            "index": "pypi",
            "version": "==1.105.0"
        },
        "aws-cdk.aws-lambda-python": {
            "hashes": [
                "sha256:6819cc185482d6305491dcfe44747cd962f05c21fb72b56c1add33c84068c483",
                "sha256:73a3f3523f12ee9eab2bffec1de6bc2e3563e21d62aba71da0e2735644fb3db1"
            ],
            "index": "pypi",
            "version": "==1.105.0"
        },
        "aws-cdk.aws-logs": {
            "hashes": [
                "sha256:0123cf55faabe3343cbd01c4e24a6dc1ce702e031a1add2f962b0a7ec9273010",
                "sha256:352581739deeb13a1d407b015a83502c8d9c748da09e7962c6e5c1a47c14261f"
            ],
            "index": "pypi",
            "version": "==1.105.0"
        },
        "aws-cdk.aws-rds": {
            "hashes": [
                "sha256:1f75841669997ad3d192ac1473fbdc46b65026663425ccc65fabc56b729b19a5",
                "sha256:d1f3cc9d46b78f2a20c6f7920ca87dd9158c7ed111737154a3b5929860f86aa1"
            ],
            "index": "pypi",
            "version": "==1.105.0"
        },
        "aws-cdk.aws-route53": {
            "hashes": [
                "sha256:5bdd528d8288b54b5eb8d9c615d4ef94a74c1e83f344644a162b5dc10ba05060",
                "sha256:e35be4c65e4bbdda6b498eb268d68e0582cdc5c5c797de64d00f20182d220693"
            ],
            "markers": "python_version >= '3.6'",
            "version": "==1.105.0"
        },
        "aws-cdk.aws-route53-targets": {
            "hashes": [
                "sha256:10ce9350bce75edc37433f38e73d942726291c7800ca0608550a3029bb7811a9",
                "sha256:8d2344cba31c260fa4eb0b2e06f153d3e2bef8137a983ebf71b29365ef92ff42"
            ],
            "markers": "python_version >= '3.6'",
            "version": "==1.105.0"
        },
        "aws-cdk.aws-s3": {
            "hashes": [
                "sha256:4baff3a0a6570d4d5498eefe351c0efa7741ef51afa096c96d8b8e3c31139500",
                "sha256:9c5d035ee1ffe881efdcfca418dcebb0e2968b6a3a4da0faf2f9f1111e9831d0"
            ],
            "index": "pypi",
            "version": "==1.105.0"
        },
        "aws-cdk.aws-s3-assets": {
            "hashes": [
                "sha256:0eaeb42ee2ceff2024f16e2ef255b550e80f500bda5fd713e17a070807f4047a",
                "sha256:a11da03580f435002da1ed4ac5e3fc6d6c486c5e392ab979f4557983d8530eb9"
            ],
            "markers": "python_version >= '3.6'",
            "version": "==1.105.0"
        },
        "aws-cdk.aws-s3-notifications": {
            "hashes": [
                "sha256:dfb1aa6357f117195afa9b6740bfb53e1daa7461753e273063a48b0723ffe16d",
                "sha256:f3ca7cac3ba4720809175db9f2e4622062aacda4dd7de5ed1eb38c8ace602bbc"
            ],
            "markers": "python_version >= '3.6'",
            "version": "==1.105.0"
        },
        "aws-cdk.aws-sam": {
            "hashes": [
                "sha256:27ae20368e12ffc1a69a43e4f6a3617fea0cbba7f5e9b396f7260c8e603e54e3",
                "sha256:683aac9bf5642c1672f263147214c8835841507248a3f49620496e7d22294f9a"
            ],
            "markers": "python_version >= '3.6'",
            "version": "==1.105.0"
        },
        "aws-cdk.aws-secretsmanager": {
            "hashes": [
                "sha256:1a14bd06f666c87895530f3c9970b2c4578a1f7f2f7b13d1e90f3cfaedc71447",
                "sha256:edbfcb1e42b1d990ca55bcf66ed2ad915009af4950f51747ea99909f001dcd85"
            ],
            "index": "pypi",
            "version": "==1.105.0"
        },
        "aws-cdk.aws-servicediscovery": {
            "hashes": [
                "sha256:197e7a50db518e99348ebf6b803ae3bfb3fa13c3d7524a377db881bd70148139",
                "sha256:3d9ceb08ffebd0551a26e965e1e3b97f955437d543fa9235370992670c450751"
            ],
            "markers": "python_version >= '3.6'",
            "version": "==1.105.0"
        },
        "aws-cdk.aws-signer": {
            "hashes": [
                "sha256:2d445c8cf549043a0b0dd7703a018c169ffe63710b96f06f830feaf9bfc4153b",
                "sha256:415d7fc2703fb506785ccd6f27396c7630670060f4da189cbc60196520ed77d1"
            ],
            "markers": "python_version >= '3.6'",
            "version": "==1.105.0"
        },
        "aws-cdk.aws-sns": {
            "hashes": [
                "sha256:0656d72d08a4fa4c402ed7894060500319cc4d020571a25eb54e82a1a04225b6",
                "sha256:ad759a4575e9c510b29b28a06e0e7de3cdeff61eea4720f1f3f62133e2bd981e"
            ],
            "markers": "python_version >= '3.6'",
            "version": "==1.105.0"
        },
        "aws-cdk.aws-sns-subscriptions": {
            "hashes": [
                "sha256:2e151a03446d1e6af8d6a31810542c2741a9d75bbb4e079b6a67d6d7472f6b17",
                "sha256:bc4441d308c7f3ad822d196341bf24fa9f50d62b2a5d44aadd36f968b6b03c84"
            ],
            "markers": "python_version >= '3.6'",
            "version": "==1.105.0"
        },
        "aws-cdk.aws-sqs": {
            "hashes": [
                "sha256:502385e4b018a6d57e4cc38879e878dcf8d1081d04a25e9e4589bf7a847c38cc",
                "sha256:8093834a0fe7a7f10ffd4b0623432cdfc08914d665f06d793de1fa0c1a5fbcd0"
            ],
            "index": "pypi",
            "version": "==1.105.0"
        },
        "aws-cdk.aws-ssm": {
            "hashes": [
                "sha256:751c3e3abf358065e8e0d858f297c6ee80c3308df3d619f444cfbea7a3a8f4be",
                "sha256:afc59f2d098f74b3fc44296f036cbe41ebe1ec2de648f7bb231e6de5a47e0bba"
            ],
            "index": "pypi",
            "version": "==1.105.0"
        },
        "aws-cdk.aws-stepfunctions": {
            "hashes": [
                "sha256:5fcaa044925c1278522e1f0ef2b825342be0144979b0fd0c3960aaf1691998df",
                "sha256:69d9ef5ea3d3cf6967104c7e7e635a800fbf3a9a56f264c5232b19f2cec0372e"
            ],
            "index": "pypi",
            "version": "==1.105.0"
        },
        "aws-cdk.aws-stepfunctions-tasks": {
            "hashes": [
                "sha256:a76728c8234e5cb707a75dd9b4e42d47f0519310e397657c9701f83cdeab9525",
                "sha256:f9e1617f410a8fb18fec27a86e541aab5353a375be3ca2161703b6227f537928"
            ],
            "index": "pypi",
            "version": "==1.105.0"
        },
        "aws-cdk.cloud-assembly-schema": {
            "hashes": [
                "sha256:b35c80dcd330bda0b9504a8dc30646607340528dad7efa33c7d601b09b0baced",
                "sha256:c49fcf409ecd6fa66da69c3d3647525903b9ae0afe2d1d576957f12fecb9cd4c"
            ],
            "markers": "python_version >= '3.6'",
            "version": "==1.105.0"
        },
        "aws-cdk.core": {
            "hashes": [
                "sha256:603e8433633cf63d61c6734dc5fa7a62a5832339574d4fe0922de8c985c72d1a",
                "sha256:dcb8816f7ad73e83631677ee8070458800a60e46f73d94b420c3f771b5b41d7b"
            ],
            "index": "pypi",
            "version": "==1.105.0"
        },
        "aws-cdk.custom-resources": {
            "hashes": [
                "sha256:315c82cfb71b93f07a719a89e2913f59c30e745b1cc974059be32f371ff0588b",
                "sha256:96e2975a1963c1070813c226b85eff692a2cd90034fe6ae2e8c373928b8fd432"
            ],
            "markers": "python_version >= '3.6'",
            "version": "==1.105.0"
        },
        "aws-cdk.cx-api": {
            "hashes": [
                "sha256:88c3fd3f5b94428078ffe05c6833f56934f852ad77295a92dfe61e501c714a96",
                "sha256:cc80017da3cba5a82fd1e9507df888c85d8064058895b153433f725f87a27f49"
            ],
            "markers": "python_version >= '3.6'",
            "version": "==1.105.0"
        },
        "aws-cdk.lambda-layer-awscli": {
            "hashes": [
                "sha256:21d8d189161125aafed582f216af656d6bf6a1689483c06d4dcf761e22eaee99",
                "sha256:ec108fa71c141e3dc2c55c25f2c1e95b39d4cad4ef03625fd39455814bf82383"
            ],
            "markers": "python_version >= '3.6'",
            "version": "==1.105.0"
        },
        "aws-cdk.lambda-layer-kubectl": {
            "hashes": [
                "sha256:b8a92eeb17cf1f54bb0e2cba637082702d3761631e25ff325732d77a231f03cb",
                "sha256:f6bd07e1be1ded07c49d56476e5d59c7940d6d2551f8180b44620b22d734eefa"
            ],
            "markers": "python_version >= '3.6'",
            "version": "==1.105.0"
        },
        "aws-cdk.region-info": {
            "hashes": [
                "sha256:d7101f8f4c853aa4652b2e5ab3299de74984c4ad6c9d777045f673e94f458b86",
                "sha256:d8e45ed5690b5cc2a7c11f7061a4d5f9057e31c85b1232fd535bf102a015f067"
            ],
            "markers": "python_version >= '3.6'",
            "version": "==1.105.0"
        },
        "black": {
            "hashes": [
                "sha256:1c02557aa099101b9d21496f8a914e9ed2222ef70336404eeeac8edba836fbea"
            ],
            "index": "pypi",
            "version": "==20.8b1"
        },
        "boto3": {
            "hashes": [
                "sha256:10e8d9b18a8ae15677e850c7240140b9539635a03098f01dfdd75b2042d15862",
                "sha256:aee742f2a2315244fb31a507f65d8809fcd0029508c0b12be8611ddd2075b666"
            ],
            "index": "pypi",
            "version": "==1.16.60"
        },
        "botocore": {
            "hashes": [
                "sha256:ad4adfcc195b5401d84b0c65d3a89e507c1d54c201879c8761ff10ef5c361e21",
                "sha256:d3694f6ef918def8082513e5ef309cd6cd83b612e9984e3a66e8adc98c650a92"
            ],
            "version": "==1.19.63"
        },
        "cattrs": {
            "hashes": [
                "sha256:277d12740b45e46318b41c3b2e4a3bc067a7b9971cf61f0e96497598ad83f282",
                "sha256:a6233d0ce33d48ac71ef818f8e0b9309a89496b359994c4dfe9ad211c1f6d0a3"
            ],
            "markers": "python_version >= '3.7'",
            "version": "==1.5.0"
        },
        "click": {
            "hashes": [
                "sha256:8c04c11192119b1ef78ea049e0a6f0463e4c48ef00a30160c704337586f3ad7a",
                "sha256:fba402a4a47334742d782209a7c79bc448911afe1149d07bdabdf480b3e2f4b6"
            ],
            "markers": "python_version >= '3.6'",
            "version": "==8.0.1"
        },
        "constructs": {
            "hashes": [
                "sha256:24f9c40a54e66eba22f8e020d7b8efa2f7df415219225f934f217c575afdd8c9",
                "sha256:a4ebf536b74a805bb9277d507c6d355f8b8421ced7879d2186b6464c53fe9496"
            ],
            "markers": "python_version >= '3.6'",
            "version": "==3.3.75"
        },
        "db": {
            "editable": true,
            "path": "./layers/db"
        },
        "flake8": {
            "hashes": [
                "sha256:749dbbd6bfd0cf1318af27bf97a14e28e5ff548ef8e5b1566ccfb25a11e7c839",
                "sha256:aadae8761ec651813c24be05c6f7b4680857ef6afaae4651a4eccaef97ce6c3b"
            ],
            "index": "pypi",
            "version": "==3.8.4"
        },
        "greenlet": {
            "hashes": [
                "sha256:03f28a5ea20201e70ab70518d151116ce939b412961c33827519ce620957d44c",
                "sha256:06d7ac89e6094a0a8f8dc46aa61898e9e1aec79b0f8b47b2400dd51a44dbc832",
                "sha256:06ecb43b04480e6bafc45cb1b4b67c785e183ce12c079473359e04a709333b08",
                "sha256:096cb0217d1505826ba3d723e8981096f2622cde1eb91af9ed89a17c10aa1f3e",
                "sha256:0c557c809eeee215b87e8a7cbfb2d783fb5598a78342c29ade561440abae7d22",
                "sha256:0de64d419b1cb1bfd4ea544bedea4b535ef3ae1e150b0f2609da14bbf48a4a5f",
                "sha256:14927b15c953f8f2d2a8dffa224aa78d7759ef95284d4c39e1745cf36e8cdd2c",
                "sha256:16183fa53bc1a037c38d75fdc59d6208181fa28024a12a7f64bb0884434c91ea",
                "sha256:206295d270f702bc27dbdbd7651e8ebe42d319139e0d90217b2074309a200da8",
                "sha256:22002259e5b7828b05600a762579fa2f8b33373ad95a0ee57b4d6109d0e589ad",
                "sha256:2325123ff3a8ecc10ca76f062445efef13b6cf5a23389e2df3c02a4a527b89bc",
                "sha256:258f9612aba0d06785143ee1cbf2d7361801c95489c0bd10c69d163ec5254a16",
                "sha256:3096286a6072553b5dbd5efbefc22297e9d06a05ac14ba017233fedaed7584a8",
                "sha256:3d13da093d44dee7535b91049e44dd2b5540c2a0e15df168404d3dd2626e0ec5",
                "sha256:408071b64e52192869129a205e5b463abda36eff0cebb19d6e63369440e4dc99",
                "sha256:598bcfd841e0b1d88e32e6a5ea48348a2c726461b05ff057c1b8692be9443c6e",
                "sha256:5d928e2e3c3906e0a29b43dc26d9b3d6e36921eee276786c4e7ad9ff5665c78a",
                "sha256:5f75e7f237428755d00e7460239a2482fa7e3970db56c8935bd60da3f0733e56",
                "sha256:60848099b76467ef09b62b0f4512e7e6f0a2c977357a036de602b653667f5f4c",
                "sha256:6b1d08f2e7f2048d77343279c4d4faa7aef168b3e36039cba1917fffb781a8ed",
                "sha256:70bd1bb271e9429e2793902dfd194b653221904a07cbf207c3139e2672d17959",
                "sha256:76ed710b4e953fc31c663b079d317c18f40235ba2e3d55f70ff80794f7b57922",
                "sha256:7920e3eccd26b7f4c661b746002f5ec5f0928076bd738d38d894bb359ce51927",
                "sha256:7db68f15486d412b8e2cfcd584bf3b3a000911d25779d081cbbae76d71bd1a7e",
                "sha256:8833e27949ea32d27f7e96930fa29404dd4f2feb13cce483daf52e8842ec246a",
                "sha256:944fbdd540712d5377a8795c840a97ff71e7f3221d3fddc98769a15a87b36131",
                "sha256:9a6b035aa2c5fcf3dbbf0e3a8a5bc75286fc2d4e6f9cfa738788b433ec894919",
                "sha256:9bdcff4b9051fb1aa4bba4fceff6a5f770c6be436408efd99b76fc827f2a9319",
                "sha256:a9017ff5fc2522e45562882ff481128631bf35da444775bc2776ac5c61d8bcae",
                "sha256:aa4230234d02e6f32f189fd40b59d5a968fe77e80f59c9c933384fe8ba535535",
                "sha256:ad80bb338cf9f8129c049837a42a43451fc7c8b57ad56f8e6d32e7697b115505",
                "sha256:adb94a28225005890d4cf73648b5131e885c7b4b17bc762779f061844aabcc11",
                "sha256:b3090631fecdf7e983d183d0fad7ea72cfb12fa9212461a9b708ff7907ffff47",
                "sha256:b33b51ab057f8a20b497ffafdb1e79256db0c03ef4f5e3d52e7497200e11f821",
                "sha256:b97c9a144bbeec7039cca44df117efcbeed7209543f5695201cacf05ba3b5857",
                "sha256:be13a18cec649ebaab835dff269e914679ef329204704869f2f167b2c163a9da",
                "sha256:be9768e56f92d1d7cd94185bab5856f3c5589a50d221c166cc2ad5eb134bd1dc",
                "sha256:c1580087ab493c6b43e66f2bdd165d9e3c1e86ef83f6c2c44a29f2869d2c5bd5",
                "sha256:c35872b2916ab5a240d52a94314c963476c989814ba9b519bc842e5b61b464bb",
                "sha256:c70c7dd733a4c56838d1f1781e769081a25fade879510c5b5f0df76956abfa05",
                "sha256:c767458511a59f6f597bfb0032a1c82a52c29ae228c2c0a6865cfeaeaac4c5f5",
                "sha256:c87df8ae3f01ffb4483c796fe1b15232ce2b219f0b18126948616224d3f658ee",
                "sha256:ca1c4a569232c063615f9e70ff9a1e2fee8c66a6fb5caf0f5e8b21a396deec3e",
                "sha256:cc407b68e0a874e7ece60f6639df46309376882152345508be94da608cc0b831",
                "sha256:da862b8f7de577bc421323714f63276acb2f759ab8c5e33335509f0b89e06b8f",
                "sha256:dfe7eac0d253915116ed0cd160a15a88981a1d194c1ef151e862a5c7d2f853d3",
                "sha256:ed1377feed808c9c1139bdb6a61bcbf030c236dd288d6fca71ac26906ab03ba6",
                "sha256:f42ad188466d946f1b3afc0a9e1a266ac8926461ee0786c06baac6bd71f8a6f3",
                "sha256:f92731609d6625e1cc26ff5757db4d32b6b810d2a3363b0ff94ff573e5901f6f"
            ],
            "markers": "python_version >= '3'",
            "version": "==1.1.0"
        },
        "iniconfig": {
            "hashes": [
                "sha256:011e24c64b7f47f6ebd835bb12a743f2fbe9a26d4cecaa7f53bc4f35ee9da8b3",
                "sha256:bc3af051d7d14b2ee5ef9969666def0cd1a000e121eaea580d4a313df4b37f32"
            ],
            "version": "==1.1.1"
        },
        "isort": {
            "hashes": [
                "sha256:dcab1d98b469a12a1a624ead220584391648790275560e1a43e54c5dceae65e7",
                "sha256:dcaeec1b5f0eca77faea2a35ab790b4f3680ff75590bfcb7145986905aab2f58"
            ],
            "index": "pypi",
            "version": "==5.6.4"
        },
        "jmespath": {
            "hashes": [
                "sha256:b85d0567b8666149a93172712e68920734333c0ce7e89b78b3e987f71e5ed4f9",
                "sha256:cdf6525904cc597730141d61b36f2e4b8ecc257c420fa2f4549bac2c2d0cb72f"
            ],
            "markers": "python_version >= '2.6' and python_version not in '3.0, 3.1, 3.2, 3.3'",
            "version": "==0.10.0"
        },
        "jsii": {
            "hashes": [
                "sha256:76d1f7b4aeec8f59356494f1ed253f5ce1094eeaa46b15232564e4c07c0e1fb5",
                "sha256:d3611f0cc4626ceb26ff55e6fe9ad5dae7a351709ed9c4f12f3bd8065b4c9809"
            ],
            "markers": "python_version ~= '3.6'",
            "version": "==1.29.0"
        },
        "mccabe": {
            "hashes": [
                "sha256:ab8a6258860da4b6677da4bd2fe5dc2c659cff31b3ee4f7f5d64e79735b80d42",
                "sha256:dd8d182285a0fe56bace7f45b5e7d1a6ebcbf524e8f3bd87eb0f125271b8831f"
            ],
            "version": "==0.6.1"
        },
        "mypy-extensions": {
            "hashes": [
                "sha256:090fedd75945a69ae91ce1303b5824f428daf5a028d2f6ab8a299250a846f15d",
                "sha256:2d82818f5bb3e369420cb3c4060a7970edba416647068eb4c5343488a6c604a8"
            ],
            "version": "==0.4.3"
        },
        "packaging": {
            "hashes": [
                "sha256:5b327ac1320dc863dca72f4514ecc086f31186744b84a230374cc1fd776feae5",
                "sha256:67714da7f7bc052e064859c05c595155bd1ee9f69f76557e21f051443c20947a"
            ],
            "markers": "python_version >= '2.7' and python_version not in '3.0, 3.1, 3.2, 3.3'",
            "version": "==20.9"
        },
        "pathspec": {
            "hashes": [
                "sha256:86379d6b86d75816baba717e64b1a3a3469deb93bb76d613c9ce79edc5cb68fd",
                "sha256:aa0cb481c4041bf52ffa7b0d8fa6cd3e88a2ca4879c533c9153882ee2556790d"
            ],
            "version": "==0.8.1"
        },
        "pluggy": {
            "hashes": [
                "sha256:15b2acde666561e1298d71b523007ed7364de07029219b604cf808bfa1c765b0",
                "sha256:966c145cd83c96502c3c3868f50408687b38434af77734af1e9ca461a4081d2d"
            ],
            "markers": "python_version >= '2.7' and python_version not in '3.0, 3.1, 3.2, 3.3'",
            "version": "==0.13.1"
        },
        "polling2": {
            "hashes": [
                "sha256:003facc3b47ac1e03847610c484409315bc2b2496ff48d0f05114e833cc27a5f",
                "sha256:6fd676640c4575b3d94888b34086cf64ad2ce6b3314107ecd42add2be8224fe0"
            ],
            "index": "pypi",
            "version": "==0.4.6"
        },
        "psycopg2": {
            "hashes": [
                "sha256:00195b5f6832dbf2876b8bf77f12bdce648224c89c880719c745b90515233301",
                "sha256:068115e13c70dc5982dfc00c5d70437fe37c014c808acce119b5448361c03725",
                "sha256:26e7fd115a6db75267b325de0fba089b911a4a12ebd3d0b5e7acb7028bc46821",
                "sha256:2c93d4d16933fea5bbacbe1aaf8fa8c1348740b2e50b3735d1b0bf8154cbf0f3",
                "sha256:56007a226b8e95aa980ada7abdea6b40b75ce62a433bd27cec7a8178d57f4051",
                "sha256:56fee7f818d032f802b8eed81ef0c1232b8b42390df189cab9cfa87573fe52c5",
                "sha256:6a3d9efb6f36f1fe6aa8dbb5af55e067db802502c55a9defa47c5a1dad41df84",
                "sha256:a49833abfdede8985ba3f3ec641f771cca215479f41523e99dace96d5b8cce2a",
                "sha256:ad2fe8a37be669082e61fb001c185ffb58867fdbb3e7a6b0b0d2ffe232353a3e",
                "sha256:b8cae8b2f022efa1f011cc753adb9cbadfa5a184431d09b273fb49b4167561ad",
                "sha256:d160744652e81c80627a909a0e808f3c6653a40af435744de037e3172cf277f5",
                "sha256:d5062ae50b222da28253059880a871dc87e099c25cb68acf613d9d227413d6f7",
                "sha256:f22ea9b67aea4f4a1718300908a2fb62b3e4276cf00bd829a97ab5894af42ea3",
                "sha256:f974c96fca34ae9e4f49839ba6b78addf0346777b46c4da27a7bf54f48d3057d",
                "sha256:fb23f6c71107c37fd667cb4ea363ddeb936b348bbd6449278eb92c189699f543"
            ],
            "index": "pypi",
            "version": "==2.8.6"
        },
        "publication": {
            "hashes": [
                "sha256:0248885351febc11d8a1098d5c8e3ab2dabcf3e8c0c96db1e17ecd12b53afbe6",
                "sha256:68416a0de76dddcdd2930d1c8ef853a743cc96c82416c4e4d3b5d901c6276dc4"
            ],
            "version": "==0.0.3"
        },
        "py": {
            "hashes": [
                "sha256:21b81bda15b66ef5e1a777a21c4dcd9c20ad3efd0b3f817e7a809035269e1bd3",
                "sha256:3b80836aa6d1feeaa108e046da6423ab8f6ceda6468545ae8d02d9d58d18818a"
            ],
            "markers": "python_version >= '2.7' and python_version not in '3.0, 3.1, 3.2, 3.3'",
            "version": "==1.10.0"
        },
        "pycodestyle": {
            "hashes": [
                "sha256:2295e7b2f6b5bd100585ebcb1f616591b652db8a741695b3d8f5d28bdc934367",
                "sha256:c58a7d2815e0e8d7972bf1803331fb0152f867bd89adf8a01dfd55085434192e"
            ],
            "markers": "python_version >= '2.7' and python_version not in '3.0, 3.1, 3.2, 3.3'",
            "version": "==2.6.0"
        },
        "pyflakes": {
            "hashes": [
                "sha256:0d94e0e05a19e57a99444b6ddcf9a6eb2e5c68d3ca1e98e90707af8152c90a92",
                "sha256:35b2d75ee967ea93b55750aa9edbbf72813e06a66ba54438df2cfac9e3c27fc8"
            ],
            "markers": "python_version >= '2.7' and python_version not in '3.0, 3.1, 3.2, 3.3'",
            "version": "==2.2.0"
        },
        "pyparsing": {
            "hashes": [
                "sha256:c203ec8783bf771a155b207279b9bccb8dea02d8f0c9e5f8ead507bc3246ecc1",
                "sha256:ef9d7589ef3c200abe66653d3f1ab1033c3c419ae9b9bdb1240a85b024efc88b"
            ],
            "markers": "python_version >= '2.6' and python_version not in '3.0, 3.1, 3.2, 3.3'",
            "version": "==2.4.7"
        },
        "pytest": {
            "hashes": [
                "sha256:1969f797a1a0dbd8ccf0fecc80262312729afea9c17f1d70ebf85c5e76c6f7c8",
                "sha256:66e419b1899bc27346cb2c993e12c5e5e8daba9073c1fbce33b9807abc95c306"
            ],
            "index": "pypi",
            "version": "==6.2.1"
        },
        "python-dateutil": {
            "hashes": [
                "sha256:73ebfe9dbf22e832286dafa60473e4cd239f8592f699aa5adaf10050e6e1823c",
                "sha256:75bb3f31ea686f1197762692a9ee6a7550b59fc6ca3a1f4b5d7e32fb98e2da2a"
            ],
            "markers": "python_version >= '2.7' and python_version not in '3.0, 3.1, 3.2, 3.3'",
            "version": "==2.8.1"
        },
        "regex": {
            "hashes": [
                "sha256:01afaf2ec48e196ba91b37451aa353cb7eda77efe518e481707e0515025f0cd5",
                "sha256:11d773d75fa650cd36f68d7ca936e3c7afaae41b863b8c387a22aaa78d3c5c79",
                "sha256:18c071c3eb09c30a264879f0d310d37fe5d3a3111662438889ae2eb6fc570c31",
                "sha256:1e1c20e29358165242928c2de1482fb2cf4ea54a6a6dea2bd7a0e0d8ee321500",
                "sha256:281d2fd05555079448537fe108d79eb031b403dac622621c78944c235f3fcf11",
                "sha256:314d66636c494ed9c148a42731b3834496cc9a2c4251b1661e40936814542b14",
                "sha256:32e65442138b7b76dd8173ffa2cf67356b7bc1768851dded39a7a13bf9223da3",
                "sha256:339456e7d8c06dd36a22e451d58ef72cef293112b559010db3d054d5560ef439",
                "sha256:3916d08be28a1149fb97f7728fca1f7c15d309a9f9682d89d79db75d5e52091c",
                "sha256:3a9cd17e6e5c7eb328517969e0cb0c3d31fd329298dd0c04af99ebf42e904f82",
                "sha256:47bf5bf60cf04d72bf6055ae5927a0bd9016096bf3d742fa50d9bf9f45aa0711",
                "sha256:4c46e22a0933dd783467cf32b3516299fb98cfebd895817d685130cc50cd1093",
                "sha256:4c557a7b470908b1712fe27fb1ef20772b78079808c87d20a90d051660b1d69a",
                "sha256:52ba3d3f9b942c49d7e4bc105bb28551c44065f139a65062ab7912bef10c9afb",
                "sha256:563085e55b0d4fb8f746f6a335893bda5c2cef43b2f0258fe1020ab1dd874df8",
                "sha256:598585c9f0af8374c28edd609eb291b5726d7cbce16be6a8b95aa074d252ee17",
                "sha256:619d71c59a78b84d7f18891fe914446d07edd48dc8328c8e149cbe0929b4e000",
                "sha256:67bdb9702427ceddc6ef3dc382455e90f785af4c13d495f9626861763ee13f9d",
                "sha256:6d1b01031dedf2503631d0903cb563743f397ccaf6607a5e3b19a3d76fc10480",
                "sha256:741a9647fcf2e45f3a1cf0e24f5e17febf3efe8d4ba1281dcc3aa0459ef424dc",
                "sha256:7c2a1af393fcc09e898beba5dd59196edaa3116191cc7257f9224beaed3e1aa0",
                "sha256:7d9884d86dd4dd489e981d94a65cd30d6f07203d90e98f6f657f05170f6324c9",
                "sha256:90f11ff637fe8798933fb29f5ae1148c978cccb0452005bf4c69e13db951e765",
                "sha256:919859aa909429fb5aa9cf8807f6045592c85ef56fdd30a9a3747e513db2536e",
                "sha256:96fcd1888ab4d03adfc9303a7b3c0bd78c5412b2bfbe76db5b56d9eae004907a",
                "sha256:97f29f57d5b84e73fbaf99ab3e26134e6687348e95ef6b48cfd2c06807005a07",
                "sha256:980d7be47c84979d9136328d882f67ec5e50008681d94ecc8afa8a65ed1f4a6f",
                "sha256:a91aa8619b23b79bcbeb37abe286f2f408d2f2d6f29a17237afda55bb54e7aac",
                "sha256:ade17eb5d643b7fead300a1641e9f45401c98eee23763e9ed66a43f92f20b4a7",
                "sha256:b9c3db21af35e3b3c05764461b262d6f05bbca08a71a7849fd79d47ba7bc33ed",
                "sha256:bd28bc2e3a772acbb07787c6308e00d9626ff89e3bfcdebe87fa5afbfdedf968",
                "sha256:bf5824bfac591ddb2c1f0a5f4ab72da28994548c708d2191e3b87dd207eb3ad7",
                "sha256:c0502c0fadef0d23b128605d69b58edb2c681c25d44574fc673b0e52dce71ee2",
                "sha256:c38c71df845e2aabb7fb0b920d11a1b5ac8526005e533a8920aea97efb8ec6a4",
                "sha256:ce15b6d103daff8e9fee13cf7f0add05245a05d866e73926c358e871221eae87",
                "sha256:d3029c340cfbb3ac0a71798100ccc13b97dddf373a4ae56b6a72cf70dfd53bc8",
                "sha256:e512d8ef5ad7b898cdb2d8ee1cb09a8339e4f8be706d27eaa180c2f177248a10",
                "sha256:e8e5b509d5c2ff12f8418006d5a90e9436766133b564db0abaec92fd27fcee29",
                "sha256:ee54ff27bf0afaf4c3b3a62bcd016c12c3fdb4ec4f413391a90bd38bc3624605",
                "sha256:fa4537fb4a98fe8fde99626e4681cc644bdcf2a795038533f9f711513a862ae6",
                "sha256:fd45ff9293d9274c5008a2054ecef86a9bfe819a67c7be1afb65e69b405b3042"
            ],
            "version": "==2021.4.4"
        },
        "s3transfer": {
            "hashes": [
                "sha256:35627b86af8ff97e7ac27975fe0a98a312814b46c6333d8a6b889627bcd80994",
                "sha256:efa5bd92a897b6a8d5c1383828dca3d52d0790e0756d49740563a3fb6ed03246"
            ],
            "version": "==0.3.7"
        },
        "six": {
            "hashes": [
                "sha256:1e61c37477a1626458e36f7b1d82aa5c9b094fa4802892072e49de9c60c4c926",
                "sha256:8abb2f1d86890a2dfb989f9a77cfcfd3e47c2a354b01111771326f8aa26e0254"
            ],
            "markers": "python_version >= '2.7' and python_version not in '3.0, 3.1, 3.2, 3.3'",
            "version": "==1.16.0"
        },
        "sqlalchemy": {
            "hashes": [
                "sha256:02a77eef48da7a5239c003a18afa05c964f1e3001cb2039f69b912b0e0d69c61",
                "sha256:0b77e40d63147cd322307a10905f2690661acaa6f21eb1168a6e6de144c97a12",
                "sha256:1293cbcaf556f3de5a3eb143012e830a7d78952796f5ba9d2a8286d808e158f1",
                "sha256:1373b38a8bba90b54f21ff6b8ec7561d7e4fcc44a1fd70a845ece1014b554f9b",
                "sha256:308968eb85969ca3025452cebff7e3d9af5f5c0771b6e19df3c68b1a3c6918ae",
                "sha256:364b3d46be78eeaa0efc8771d86bd4e66e0e24bc998610ae9b07ab0630a2e0f2",
                "sha256:38a50d4d657bd7aa5a8ddeb06eb4f099c29f9ca7b50295ea0f98793007d448b5",
                "sha256:441788cdc1617fe3e43565399c95098d54e91422a049df08acb3709854e7cec0",
                "sha256:506ff11bc52426bedb66618d10ec1e41c64667ee685fbffb6a3057e5d9513129",
                "sha256:56d33a788c427f29a54600374bb3e435331238e7551c1ce738da5186c20f6c68",
                "sha256:5beadd632440aa67f3cb3ec235246c3753f8b3d72b254ee5a87c1e87619952f4",
                "sha256:5f326c4264d2f1614f471b6f04e96522f7cc94843172e099bf2fb22079891c20",
                "sha256:682961ff4e9fcd9803ab3918c7f8c44ab4076566a0385606377723caf18c371a",
                "sha256:6a144c87df1eeeb604e20deb074b9252e7f63b5f528a61b7d9d509c2e67adfb0",
                "sha256:6fd3bfc212f68913fe42e9a7b5a39fb259e40e927fe5e813f27c6a692bd624e7",
                "sha256:7fdec39fe2495a1c833b917d7c0c8b9d06c0b1b91df74e45be7dc7af325a40fa",
                "sha256:8319413aaf11e777ed328a763038c85faf4ff4461a14c09f8c2bf5e46954ea8b",
                "sha256:90a8529f04f25051357fc149bc7815b515d018598ff6f1f91038dad665a7ac61",
                "sha256:9613ae722a818d231b47fe03c7ff60ce2cd9a54c7a3fb927db9e5df6683c438a",
                "sha256:9cfef2ad30c5ee1d494d98f3c55a9ac29ec6d294b70849c541d139e4fe1a74e6",
                "sha256:a595fe93ef2722c4877e1db80aabbe172b0af7846c61b2852388780a53203855",
                "sha256:a75ac5cdac68c10b71f00aff2f4179168abcf462e73d0289d806293b44abfce6",
                "sha256:b8bdfb73d07467f2e21e7ff3abc823d52f88b1e5c377fc14da625b30469350ab",
                "sha256:bc626e44fec23d9ea92aeecd2359720e8620c1f963c8e24bfdd27e757ed0548c",
                "sha256:bd73da5de31118a8130540297779d36bf4d7414c6cca8d7f769b1550dafce78d",
                "sha256:befa0b60b663fdbc1bb1bde60d3788ff5a64700f253f7981a22081f3b44239f2",
                "sha256:c101e9f57d8a67a4b613852d4a5ee850cd2e8b4791ddba2a90ced4dbc66e5fa2",
                "sha256:c272f0340a40d178461b2b54f27360289e063f70db495daa852c2f318fc00640",
                "sha256:ce33a952476f9100daa76fb8228fdc99ac11df3c316be2eb946ba31fbe845ba6",
                "sha256:dd940003b5724e7376dd627b13086798076c5bc124d562163224334854bdd0ca",
                "sha256:ddb17736fc2999dc4e550f02e05add7a2197668cde059269b23989d8730ef71a",
                "sha256:e04efa8dd75b9bfc16a6bc174e715678c6e99f52c633eccef76e156e408a5432",
                "sha256:e7902051dc747cc96b552230464ddb2c96407e7f07680c71c1923dca2f3a6d9d",
                "sha256:faad6bcbc1af9dfb2b2e02be988f992989d99e3eae0c5b21fce818d47aab5181"
            ],
            "markers": "python_version >= '2.7' and python_version not in '3.0, 3.1, 3.2, 3.3, 3.4, 3.5'",
            "version": "==1.4.0"
        },
        "toml": {
            "hashes": [
                "sha256:806143ae5bfb6a3c6e736a764057db0e6a0e05e338b5630894a5f779cabb4f9b",
                "sha256:b3bda1d108d5dd99f4a20d24d9c348e91c4db7ab1b749200bded2f839ccbe68f"
            ],
            "markers": "python_version >= '2.6' and python_version not in '3.0, 3.1, 3.2, 3.3'",
            "version": "==0.10.2"
        },
        "typed-ast": {
            "hashes": [
                "sha256:01ae5f73431d21eead5015997ab41afa53aa1fbe252f9da060be5dad2c730ace",
                "sha256:067a74454df670dcaa4e59349a2e5c81e567d8d65458d480a5b3dfecec08c5ff",
                "sha256:0fb71b8c643187d7492c1f8352f2c15b4c4af3f6338f21681d3681b3dc31a266",
                "sha256:1b3ead4a96c9101bef08f9f7d1217c096f31667617b58de957f690c92378b528",
                "sha256:2068531575a125b87a41802130fa7e29f26c09a2833fea68d9a40cf33902eba6",
                "sha256:209596a4ec71d990d71d5e0d312ac935d86930e6eecff6ccc7007fe54d703808",
                "sha256:2c726c276d09fc5c414693a2de063f521052d9ea7c240ce553316f70656c84d4",
                "sha256:398e44cd480f4d2b7ee8d98385ca104e35c81525dd98c519acff1b79bdaac363",
                "sha256:52b1eb8c83f178ab787f3a4283f68258525f8d70f778a2f6dd54d3b5e5fb4341",
                "sha256:5feca99c17af94057417d744607b82dd0a664fd5e4ca98061480fd8b14b18d04",
                "sha256:7538e495704e2ccda9b234b82423a4038f324f3a10c43bc088a1636180f11a41",
                "sha256:760ad187b1041a154f0e4d0f6aae3e40fdb51d6de16e5c99aedadd9246450e9e",
                "sha256:777a26c84bea6cd934422ac2e3b78863a37017618b6e5c08f92ef69853e765d3",
                "sha256:95431a26309a21874005845c21118c83991c63ea800dd44843e42a916aec5899",
                "sha256:9ad2c92ec681e02baf81fdfa056fe0d818645efa9af1f1cd5fd6f1bd2bdfd805",
                "sha256:9c6d1a54552b5330bc657b7ef0eae25d00ba7ffe85d9ea8ae6540d2197a3788c",
                "sha256:aee0c1256be6c07bd3e1263ff920c325b59849dc95392a05f258bb9b259cf39c",
                "sha256:af3d4a73793725138d6b334d9d247ce7e5f084d96284ed23f22ee626a7b88e39",
                "sha256:b36b4f3920103a25e1d5d024d155c504080959582b928e91cb608a65c3a49e1a",
                "sha256:b9574c6f03f685070d859e75c7f9eeca02d6933273b5e69572e5ff9d5e3931c3",
                "sha256:bff6ad71c81b3bba8fa35f0f1921fb24ff4476235a6e94a26ada2e54370e6da7",
                "sha256:c190f0899e9f9f8b6b7863debfb739abcb21a5c054f911ca3596d12b8a4c4c7f",
                "sha256:c907f561b1e83e93fad565bac5ba9c22d96a54e7ea0267c708bffe863cbe4075",
                "sha256:cae53c389825d3b46fb37538441f75d6aecc4174f615d048321b716df2757fb0",
                "sha256:dd4a21253f42b8d2b48410cb31fe501d32f8b9fbeb1f55063ad102fe9c425e40",
                "sha256:dde816ca9dac1d9c01dd504ea5967821606f02e510438120091b84e852367428",
                "sha256:f2362f3cb0f3172c42938946dbc5b7843c2a28aec307c49100c8b38764eb6927",
                "sha256:f328adcfebed9f11301eaedfa48e15bdece9b519fb27e6a8c01aa52a17ec31b3",
                "sha256:f8afcf15cc511ada719a88e013cec87c11aff7b91f019295eb4530f96fe5ef2f",
                "sha256:fb1bbeac803adea29cedd70781399c99138358c26d05fcbd23c13016b7f5ec65"
            ],
            "version": "==1.4.3"
        },
        "typing-extensions": {
            "hashes": [
                "sha256:0ac0f89795dd19de6b97debb0c6af1c70987fd80a2d62d1958f7e56fcc31b497",
                "sha256:50b6f157849174217d0656f99dc82fe932884fb250826c18350e159ec6cdf342",
                "sha256:779383f6086d90c99ae41cf0ff39aac8a7937a9283ce0a414e5dd782f4c94a84"
            ],
            "version": "==3.10.0.0"
        },
        "urllib3": {
            "hashes": [
                "sha256:2f4da4594db7e1e110a944bb1b551fdf4e6c136ad42e4234131391e21eb5b0df",
                "sha256:e7b021f7241115872f92f43c6508082facffbd1c048e3c6e2bb9c2a157e28937"
            ],
            "markers": "python_version != '3.4'",
            "version": "==1.26.4"
        }
    }
}
