{
    "_meta": {
        "hash": {
            "sha256": "cdc9a5382cb77a22e21246c2439c705b501a9aac69d265ede765987df57dad86"
        },
        "pipfile-spec": 6,
        "requires": {
            "python_version": "3.8"
        },
        "sources": [
            {
                "name": "pypi",
                "url": "https://pypi.org/simple",
                "verify_ssl": true
            }
        ]
    },
    "default": {},
    "develop": {
        "appdirs": {
            "hashes": [
                "sha256:7d5d0167b2b1ba821647616af46a749d1c653740dd0d2415100fe26e27afdf41",
                "sha256:a841dacd6b99318a741b166adb07e19ee71a274450e68237b4650ca1055ab128"
            ],
            "version": "==1.4.4"
        },
        "assertpy": {
            "hashes": [
                "sha256:acc64329934ad71a3221de185517a43af33e373bb44dc05b5a9b174394ef4833"
            ],
            "index": "pypi",
            "version": "==1.1"
        },
        "attrs": {
            "hashes": [
                "sha256:31b2eced602aa8423c2aea9c76a724617ed67cf9513173fd3a4f03e3a929c7e6",
                "sha256:832aa3cde19744e49938b91fea06d69ecb9e649c93ba974535d08ad92164f700"
            ],
            "markers": "python_version >= '2.7' and python_version not in '3.0, 3.1, 3.2, 3.3'",
            "version": "==20.3.0"
        },
        "aws-cdk.assets": {
            "hashes": [
                "sha256:2eeb518dd19e9c9ad9478606a074ef03fb2cf0446fe5d9d1c0f5c609f6123d8c",
                "sha256:b32ae2b11918fe81621701b5d00ffc01adca6d27058adafb29e6f3cd567b15d2"
            ],
            "markers": "python_version >= '3.6'",
            "version": "==1.94.1"
        },
        "aws-cdk.aws-apigateway": {
            "hashes": [
                "sha256:1df69616a8317f261d1d04ef809dc266d6262593661607ac9cac9c948d803df9",
                "sha256:922615c0254d40c6c514f72c9fab03f9744a449c527349fbe18df7f6907624e9"
            ],
            "index": "pypi",
            "version": "==1.94.1"
        },
        "aws-cdk.aws-apigatewayv2": {
            "hashes": [
                "sha256:0ca768846babf99e8c9c7307dbde604de5f695e6f7f8fbdcff496689493bd129",
                "sha256:2960b5bb95ee79f46f430ad00494a9abe4b9ed3da9de7965d76082c304d60dcf"
            ],
            "markers": "python_version >= '3.6'",
            "version": "==1.94.1"
        },
        "aws-cdk.aws-apigatewayv2-integrations": {
            "hashes": [
                "sha256:713df2fe051b96ab466e2f255f5f07c4b0cb03662102ea5b371dcca8cf23476c",
                "sha256:97e9c78145015e6c3dd90fc86c4bc96ab1f7219eb72d32c613c21bc53220faea"
            ],
            "markers": "python_version >= '3.6'",
            "version": "==1.94.1"
        },
        "aws-cdk.aws-applicationautoscaling": {
            "hashes": [
                "sha256:35dd61681cabc2bc8ab1e111db66683468357e284f1c8c16fa1f5654fa9fde02",
                "sha256:d140eb2d5ec238b6f2291aefca4fb9177387451c4208c5b1d4050936a4b2b99b"
            ],
            "markers": "python_version >= '3.6'",
            "version": "==1.94.1"
        },
        "aws-cdk.aws-autoscaling": {
            "hashes": [
                "sha256:c5f444474b8cb8c585aca1f2257c51a6bc8ab7371e47d311df79ba34824460dd",
                "sha256:edc84f68afe9aa06bcdc861f8749b05adddcb305afc915ea9e03f0b90d186809"
            ],
            "markers": "python_version >= '3.6'",
            "version": "==1.94.1"
        },
        "aws-cdk.aws-autoscaling-common": {
            "hashes": [
                "sha256:6cd48d178011ae0aaca96529decc331e710a571d94f2b0b187881523ca831ea0",
                "sha256:b089677099f2541065932f98ff490dade58a0b1eff45c0bf24ea8205fdddac03"
            ],
            "markers": "python_version >= '3.6'",
            "version": "==1.94.1"
        },
        "aws-cdk.aws-autoscaling-hooktargets": {
            "hashes": [
                "sha256:2be12d56c3a609bf41920b843e1481ca24a84347fc9c9df2f1a817a3dd36ae48",
                "sha256:67e92c2178241572b0e8a2f399a75e6415cdc5da18be5a86aa3d808f0381bede"
            ],
            "markers": "python_version >= '3.6'",
            "version": "==1.94.1"
        },
        "aws-cdk.aws-batch": {
            "hashes": [
                "sha256:24bb6eeac4ea7fba1d89c1ab3d09ae168b00125043f22f18d2c3c6835599ae10",
                "sha256:82b1ef09ea1b2bed9b6b07b68c5577693157684e0c2e40961e0bb38bbcdd6fc8"
            ],
            "markers": "python_version >= '3.6'",
            "version": "==1.94.1"
        },
        "aws-cdk.aws-certificatemanager": {
            "hashes": [
                "sha256:3850ca1d7514ade333b30e07f3199dd584090da1a2a989f83a6bf35158c21f57",
                "sha256:c10b5a24440985bd83ef91d848b426f4a94267ae6c77eb5d044473130241d601"
            ],
            "markers": "python_version >= '3.6'",
            "version": "==1.94.1"
        },
        "aws-cdk.aws-cloudformation": {
            "hashes": [
                "sha256:63fb0a6b87a1ab2ed5ad3d1fe02cd7eba6403fec7dc308a79927fe353135cbb0",
                "sha256:d82542265b654ee6166f7226a8c413d49f7f10542f03049f9b9a4751017246f4"
            ],
            "markers": "python_version >= '3.6'",
            "version": "==1.94.1"
        },
        "aws-cdk.aws-cloudfront": {
            "hashes": [
                "sha256:00d26afcd0864aff26e980d642c39f57a69c39089e95764c0adced8bbf9a9fde",
                "sha256:8cdec5f0dc565f87e0650bf33bbe9ff171768311525bd7c1a7b738e12abbe46f"
            ],
            "markers": "python_version >= '3.6'",
            "version": "==1.94.1"
        },
        "aws-cdk.aws-cloudwatch": {
            "hashes": [
                "sha256:4c7db5dc17e35222e0c670a6d1e3fa76754c6a7bbaa74fa692f853e2b149c142",
                "sha256:5f72a062f772503a34bcbb6b4013de5fab8193de895b877f642bf4920c79157e"
            ],
            "markers": "python_version >= '3.6'",
            "version": "==1.94.1"
        },
        "aws-cdk.aws-codebuild": {
            "hashes": [
                "sha256:66e45586379cbf238db9fc722cc7990041d5171d1728873a57f80f7029fe248c",
                "sha256:962369ca902bc3fca32609af395c37562b225dbc6ab2a345115cbe111ffe4a6d"
            ],
            "markers": "python_version >= '3.6'",
            "version": "==1.94.1"
        },
        "aws-cdk.aws-codecommit": {
            "hashes": [
                "sha256:757151328037d4c5537eff7c1a306d2e7a50fcdf61782cfd6aa1aa2d2e48e9b6",
                "sha256:ccc9708a35cdd59f3edb9f9955f88961435d98fc40c87ff33156add302692c93"
            ],
            "markers": "python_version >= '3.6'",
            "version": "==1.94.1"
        },
        "aws-cdk.aws-codeguruprofiler": {
            "hashes": [
                "sha256:2ab9020a9a99d9407e43c3fbf4027f33fffa77fc920adb756ee123c68d243346",
                "sha256:b1ce83a41cdf20e0e75d346100c3aa1b28606308273cf5be035dc6cdda203a8a"
            ],
            "markers": "python_version >= '3.6'",
            "version": "==1.94.1"
        },
        "aws-cdk.aws-codepipeline": {
            "hashes": [
                "sha256:29829120d20401b2925dbdbf46b8d7318c0fea6f822092730c68178a6ece6edd",
                "sha256:4f76bf2d89e845ede2f18f26ab01345b5bf8488248a60f816fb58ecc377211a1"
            ],
            "markers": "python_version >= '3.6'",
            "version": "==1.94.1"
        },
        "aws-cdk.aws-cognito": {
            "hashes": [
                "sha256:7def0e65388230836efa76105d888a005c8fcf69e170fa0718d0a8cd311d80b3",
                "sha256:efb316361dcacd9c5e019dc518b015a58b980b753d7c91ae05b375326828ef8e"
            ],
            "markers": "python_version >= '3.6'",
            "version": "==1.94.1"
        },
        "aws-cdk.aws-databrew": {
            "hashes": [
                "sha256:7a34c4127bc7f4a2b3f637daf0388e1982a49eae3ecd477817229e57e4fd4623",
                "sha256:ce1be11db17dc169958a6125f09d6adee43c101d63f7ebc2e7c198b160e14121"
            ],
            "markers": "python_version >= '3.6'",
            "version": "==1.94.1"
        },
        "aws-cdk.aws-dynamodb": {
            "hashes": [
                "sha256:28a34fc47ee7949477ad48c7551cce065e3aef80ed50a2e51c338830ea511e6b",
                "sha256:e976377bb06c74b9f0bd5f3ff57c6f0227435b9122aecca37048c8682fd86f69"
            ],
            "markers": "python_version >= '3.6'",
            "version": "==1.94.1"
        },
        "aws-cdk.aws-ec2": {
            "hashes": [
                "sha256:2f0aba472cc81885ea95a819208ec09605e45deabb0a217fdb3f733ae29b5ef4",
                "sha256:eaca9095e96269807411a1b028f380c74e664377f7a51167a11a767890526778"
            ],
            "index": "pypi",
            "version": "==1.94.1"
        },
        "aws-cdk.aws-ecr": {
            "hashes": [
                "sha256:7d25453cea108c607dab738fe366e95ad9140d0972f04c4da9dd964a158c0332",
                "sha256:a836c4695d246c043c02a4219826aeb44b77d537d5f0f9542cf3bcd9d7cf2f88"
            ],
            "markers": "python_version >= '3.6'",
            "version": "==1.94.1"
        },
        "aws-cdk.aws-ecr-assets": {
            "hashes": [
                "sha256:1b73d4aa61f24d52db62f6d3e8473a771df6a32f8ef0e7b3cfea833fc65317e3",
                "sha256:478416494d16e201a4d44aeb7c5c1adc403cd72a383591304ca8e89cbbaa1591"
            ],
            "markers": "python_version >= '3.6'",
            "version": "==1.94.1"
        },
        "aws-cdk.aws-ecs": {
            "hashes": [
                "sha256:d32f52a267e3b8702218da4419ed43751916f1cbed4216dcabe6881e5ed40524",
                "sha256:daad2dd27ef665c6309dc9b5d1a2e51b46804bd64e31295591f2962eeabea5dd"
            ],
            "markers": "python_version >= '3.6'",
            "version": "==1.94.1"
        },
        "aws-cdk.aws-efs": {
            "hashes": [
                "sha256:0c400153ab261a696aa6ca504b51469d9f0215d92dd07e8ba3fd3589be3aa6cb",
                "sha256:26bdf94244d017f44e18d7cd049617afb565800b0b4b45332574dc96e2d7f0ef"
            ],
            "markers": "python_version >= '3.6'",
            "version": "==1.94.1"
        },
        "aws-cdk.aws-eks": {
            "hashes": [
                "sha256:003ba67f003cc4bf0e208de3ea6c94f2d7feea70f30e96ec95f3612e36006c98",
                "sha256:c4e804cdb04337a05c101047a705010c2899f66273a3c4632b590d8ac9b70153"
            ],
            "markers": "python_version >= '3.6'",
            "version": "==1.94.1"
        },
        "aws-cdk.aws-elasticloadbalancing": {
            "hashes": [
                "sha256:1eda53244683902664740bf3bbd5229637682a979deed2f82921dbcdbfeb296a",
                "sha256:f42ef2c026784a1b2a961ced44370cc8c525d77f33ab7301c143346d4aede21f"
            ],
            "markers": "python_version >= '3.6'",
            "version": "==1.94.1"
        },
        "aws-cdk.aws-elasticloadbalancingv2": {
            "hashes": [
                "sha256:3d53407ba9de5946215157adef807f810aef073842a8b493eb8be2034558840d",
                "sha256:e409b962643eb6c60d35f0b4046329fb90eb86aae6e1202ad383404ee7b73731"
            ],
            "markers": "python_version >= '3.6'",
            "version": "==1.94.1"
        },
        "aws-cdk.aws-events": {
            "hashes": [
                "sha256:09d61bf99b33455a9dc952531620af9a91bdb7d7044189e1e1099680d7575c10",
                "sha256:0f60e38557895fb371746b2405295355482acb19aadbaf4bc03778968ad95bb9"
            ],
            "index": "pypi",
            "version": "==1.94.1"
        },
        "aws-cdk.aws-events-targets": {
            "hashes": [
                "sha256:0ae5371f5131e5dbe476fc90908b41fd3bfd44eb4d1655509bc95111f3927c72",
                "sha256:248e05992a757c40f1b5c9ccf1466df24e70b54ec4b08362cd5524e152570529"
            ],
            "index": "pypi",
            "version": "==1.94.1"
        },
        "aws-cdk.aws-globalaccelerator": {
            "hashes": [
                "sha256:0062d6238fddeb4ee3caca93659dae18e60c48acc81e630ff990cef4b2286130",
                "sha256:bb3c96b8fee226809a546a54ebb4436bbfaff95247640c9b7cd9005b9233b851"
            ],
            "markers": "python_version >= '3.6'",
            "version": "==1.94.1"
        },
        "aws-cdk.aws-glue": {
            "hashes": [
                "sha256:277bb0a0711a9a58db9c3071443c3f12bac876d8d43414a7a0a942a2b8f4e12b",
                "sha256:a2c22088ee70b3effd506a5ade4a66e93644c21385c1c5800a1c0637a0ab8c4c"
            ],
            "markers": "python_version >= '3.6'",
            "version": "==1.94.1"
        },
        "aws-cdk.aws-iam": {
            "hashes": [
                "sha256:292f1ae298f39c60152da9499c1b1358757e6f2f5f6d96e30052730f41a7c6cf",
                "sha256:6e7aaded9629dc36e334dcbbe565987acf99c675fde4500b243a1f92b32f16bb"
            ],
            "markers": "python_version >= '3.6'",
            "version": "==1.94.1"
        },
        "aws-cdk.aws-kinesis": {
            "hashes": [
                "sha256:562ae2d6b5f32ea709a7533a2e9a7df769fa7bf9d75df7d1fd24428a7686b5f4",
                "sha256:fc71ee9ebf1dc57b2e9bd4dd95b3d032bfe59faf229bcb4a523d4356883df93f"
            ],
            "markers": "python_version >= '3.6'",
            "version": "==1.94.1"
        },
        "aws-cdk.aws-kinesisfirehose": {
            "hashes": [
                "sha256:0511c41ede7dcbc138340ce3f8c858f834f9bdc1277ea7c627bbd96f27eb5c32",
                "sha256:f98afaf4ec1d8db6dd2a8f3c5fae66cf5fff63232a5b75446156d2b7ffab9a56"
            ],
            "markers": "python_version >= '3.6'",
            "version": "==1.94.1"
        },
        "aws-cdk.aws-kms": {
            "hashes": [
                "sha256:08c86ce4ba2b66660e96427bbce7af698f04161b2d523749e2104edd72203a1c",
                "sha256:88f546889bd641848b38482955d12ee267a0beed008c1e5a65f6040d59c3b879"
            ],
            "markers": "python_version >= '3.6'",
            "version": "==1.94.1"
        },
        "aws-cdk.aws-lambda": {
            "hashes": [
                "sha256:17476fee0c9f5614f7a154aae72bcac28ce63d0a2aca1ca25a17803ddce18ee1",
                "sha256:898aa53d6dd87f21f563b66a7fba16bfbe4af99a6fb994316a7ad4cc55797be3"
            ],
            "index": "pypi",
            "version": "==1.94.1"
        },
        "aws-cdk.aws-lambda-event-sources": {
            "hashes": [
                "sha256:4ef8f3a424e473e2c5d1ece5421e90330be49af47a49424752678449934c5e26",
                "sha256:a0e4744b26e4d14887e03a4512a29c964712131d2ec5a28dc786ca5676013049"
            ],
            "index": "pypi",
            "version": "==1.94.1"
        },
        "aws-cdk.aws-lambda-python": {
            "hashes": [
                "sha256:0245d611b0413e059f438162a15cfa1fe0539c907b2877987d3dd600cecf7732",
                "sha256:d99d725364b5e86263b4b30a63f2eaa538e0b2bdca0f11cb729eee14a2155b95"
            ],
            "index": "pypi",
            "version": "==1.94.1"
        },
        "aws-cdk.aws-logs": {
            "hashes": [
                "sha256:397a7adc2769e9fe2a79758d4e4976b2a732ebda24f15a6a07fe309aac23485c",
                "sha256:f0dc5f8233678c5fac6550afef94ab6866052a1ee87e450f10cd60ad846532a1"
            ],
            "index": "pypi",
            "version": "==1.94.1"
        },
        "aws-cdk.aws-rds": {
            "hashes": [
                "sha256:2c6bde6286a6a5aecbd5689aa7cc00ae791e2dfebfbba962fea8585acade7982",
                "sha256:e1c5e7f06ddd085da9d7638df2a21dc70303e09b6113a51c74c25a5f35c7888e"
            ],
            "index": "pypi",
            "version": "==1.94.1"
        },
        "aws-cdk.aws-route53": {
            "hashes": [
                "sha256:3eea66e43b75dd243975a5ad922e3e52aa5ab97cb851cba35b4fffd9bacb9307",
                "sha256:7f5cd396bb78e95b29f6887bda836e461e4509c9a3eb60035e85edb7e4ea4e08"
            ],
            "markers": "python_version >= '3.6'",
            "version": "==1.94.1"
        },
        "aws-cdk.aws-route53-targets": {
            "hashes": [
                "sha256:1c0a35153c4332dbde61e456ec25b8f11f1abfcd5e77b2b385407ae07f79e66c",
                "sha256:8fcfd3f04acff60a8e4015f59b8284a6c5e1745f49dfcc490ab2b1a39805f7fc"
            ],
            "markers": "python_version >= '3.6'",
            "version": "==1.94.1"
        },
        "aws-cdk.aws-s3": {
            "hashes": [
                "sha256:79b416b3bffe2aee6ecfca9f3b0c1d509625319e681adac7c6e13123b8c603df",
                "sha256:d7a8eba145d27ab77d3816da93c22cad05715136b3630f4f190ae4971951a8e9"
            ],
            "index": "pypi",
            "version": "==1.94.1"
        },
        "aws-cdk.aws-s3-assets": {
            "hashes": [
                "sha256:5906708f595df56a320d6cdf3c9985e76290737b462cb662ef4b37c5f7fc461f",
                "sha256:d1f8c86dac5652543e2b6f79d069155716266b6b54ccea8d940a4f78aec7d665"
            ],
            "markers": "python_version >= '3.6'",
            "version": "==1.94.1"
        },
        "aws-cdk.aws-s3-notifications": {
            "hashes": [
                "sha256:49d403dbc5691fc1a6e64cbb125fea61eaf40e7ea81e585fcae1c4114c39eff3",
                "sha256:8f1b264615abc2fbc02278f23a099852ccaaf0396b06e89d4e8ad5ab359e584a"
            ],
            "markers": "python_version >= '3.6'",
            "version": "==1.94.1"
        },
        "aws-cdk.aws-sam": {
            "hashes": [
                "sha256:12775357ce72327a337f45e8b13809d5ee90f247fb801eb80e2b140c1332813f",
                "sha256:1e5fa28da189430309b8cb2f7b1b1971729431f661b68d4344619bf75f76ca35"
            ],
            "markers": "python_version >= '3.6'",
            "version": "==1.94.1"
        },
        "aws-cdk.aws-secretsmanager": {
            "hashes": [
                "sha256:0699daff20bb595275c1219d24eb93b07cab76102ebeda1a69b4784f752b46ae",
                "sha256:fa6d7b718d307d24ea9202e7fc45aae81787a9a5fadf1dd0089e842d495ec65b"
            ],
            "index": "pypi",
            "version": "==1.94.1"
        },
        "aws-cdk.aws-servicediscovery": {
            "hashes": [
                "sha256:0ce0fce98a632167778e46174031d871ca42980a2f0906f1d9ce34aace238571",
                "sha256:98f2c6a8399b0629abea0c0aaf6a29657ecbb1a5a772d2d88d7d15c2d504e68d"
            ],
            "markers": "python_version >= '3.6'",
            "version": "==1.94.1"
        },
        "aws-cdk.aws-signer": {
            "hashes": [
                "sha256:d8da70a728bbe158cb4318730a1dc8c7fd43fb73051f044c8b9c2c8be736bdf7",
                "sha256:ecc1d0b6703226d5c7fec1d0912fc3638ecbd14292310f9655ac82e7a0a3c7ff"
            ],
            "markers": "python_version >= '3.6'",
            "version": "==1.94.1"
        },
        "aws-cdk.aws-sns": {
            "hashes": [
                "sha256:61897d665f6dc1af92b873c493312ad074a92a115afdc056cb60d5f9aec09296",
                "sha256:be336db6170e313b48fe023b42f1b4544d66539608554ee5deaf7771e7a5edb9"
            ],
            "markers": "python_version >= '3.6'",
            "version": "==1.94.1"
        },
        "aws-cdk.aws-sns-subscriptions": {
            "hashes": [
                "sha256:58606e8626cd45e15a4b4c15d98bdbe981e4f7d2e94039432253e17e3f4daaa9",
                "sha256:a54545ff23184656e206e661ac8b966bee10ee6b1562fccc98e6d008a57ea315"
            ],
            "markers": "python_version >= '3.6'",
            "version": "==1.94.1"
        },
        "aws-cdk.aws-sqs": {
            "hashes": [
                "sha256:251c7ca12ebe58448e637724ede4737f095b64e9b1b7c8772e554db98983d89e",
                "sha256:2e3725716bf34f4453da7f2b09b3621841eadb9eab560b863c5e70931101e37d"
            ],
            "index": "pypi",
            "version": "==1.94.1"
        },
        "aws-cdk.aws-ssm": {
            "hashes": [
                "sha256:027148f5c26eea79fea021ccda571491a1744061ca534da38ebe56cab9faf42f",
                "sha256:74847e6b59215fa56abbb19e0e49ceddc0f9d6ada0a5093ed6b58f95dbc2f1de"
            ],
            "index": "pypi",
            "version": "==1.94.1"
        },
        "aws-cdk.aws-stepfunctions": {
            "hashes": [
                "sha256:ebb54dc5ae89bdda107010b4efe103c269ee23d901f6717c64eebd14dbfca642",
                "sha256:f8d0ef961fcb560b9a6707f4737312a872b790d3d1ab32e463774e4586588a65"
            ],
            "index": "pypi",
            "version": "==1.94.1"
        },
        "aws-cdk.aws-stepfunctions-tasks": {
            "hashes": [
                "sha256:a5ebd076447171b7d96497781aa07a39553276d51e85d70046d4bc8081d96a6c",
                "sha256:c56e565753c196e98e42cc3fd26c873f128cf396243aa3cc951824c757d6b2a1"
            ],
            "index": "pypi",
            "version": "==1.94.1"
        },
        "aws-cdk.cloud-assembly-schema": {
            "hashes": [
                "sha256:88af89554c74d6ca7d8d8a33bfd68d60f5b4abf8e83c77dc2838e3d2eef3cfd5",
                "sha256:d0c439e1f361aea29d2d7480758f7df299f0d232280c7f95bc6b58e632f0fbab"
            ],
            "markers": "python_version >= '3.6'",
            "version": "==1.94.1"
        },
        "aws-cdk.core": {
            "hashes": [
                "sha256:8f237177590301c121465882b623bde0e46865ec58056452b8ecd4e54271564f",
                "sha256:a5d2ba2229848bdbfc3c28f472a40b0da730df28d1f7335c853e33657b6bf13f"
            ],
            "index": "pypi",
            "version": "==1.94.1"
        },
        "aws-cdk.custom-resources": {
            "hashes": [
                "sha256:ac00c7ab87ea00fa8c8f2e09c52088a141666d22e2e4468e9b96834ae3b4272a",
                "sha256:fc433f0a504efa5753e269fd147a2a1248328945c0fc027b09514951077063fb"
            ],
            "markers": "python_version >= '3.6'",
            "version": "==1.94.1"
        },
        "aws-cdk.cx-api": {
            "hashes": [
                "sha256:b405b24afd3020219b3e50953fd7dbbd439a1693ecc10b384a79eb4c94650317",
                "sha256:d2122f2597cb3078747a8c69d954f8abf3336f2d119ee9f33515ab047ccf3438"
            ],
            "markers": "python_version >= '3.6'",
            "version": "==1.94.1"
        },
        "aws-cdk.lambda-layer-awscli": {
            "hashes": [
                "sha256:57650731ea27a8cef6dd76e4c47198fb97594d293a773e4cc8e34b4daead05e4",
                "sha256:fc043983239ab12f399bcdab02ebcb02a99dfcb85b7386909bef02d0f84e8759"
            ],
            "markers": "python_version >= '3.6'",
            "version": "==1.94.1"
        },
        "aws-cdk.lambda-layer-kubectl": {
            "hashes": [
                "sha256:95777f3d21f629c66b4dc26fcafd425745a6ec1e02488ae539e45328b600ba57",
                "sha256:de69104c6316a45d0ba5342b69c3a9da2ab603205bcf1cfe976bf2c85d68be82"
            ],
            "markers": "python_version >= '3.6'",
            "version": "==1.94.1"
        },
        "aws-cdk.region-info": {
            "hashes": [
                "sha256:05a4282acd5fd64b6a23ec6727facb34643a0a497a63593eddcfd047b2a80336",
                "sha256:181109d4c8666bb7f24b8d35ca871632153498b1f90348dc222d18bd31b3d33b"
            ],
            "markers": "python_version >= '3.6'",
            "version": "==1.94.1"
        },
        "black": {
            "hashes": [
                "sha256:1c02557aa099101b9d21496f8a914e9ed2222ef70336404eeeac8edba836fbea"
            ],
            "index": "pypi",
            "version": "==20.8b1"
        },
        "boto3": {
            "hashes": [
                "sha256:10e8d9b18a8ae15677e850c7240140b9539635a03098f01dfdd75b2042d15862",
                "sha256:aee742f2a2315244fb31a507f65d8809fcd0029508c0b12be8611ddd2075b666"
            ],
            "index": "pypi",
            "version": "==1.16.60"
        },
        "botocore": {
            "hashes": [
                "sha256:ad4adfcc195b5401d84b0c65d3a89e507c1d54c201879c8761ff10ef5c361e21",
                "sha256:d3694f6ef918def8082513e5ef309cd6cd83b612e9984e3a66e8adc98c650a92"
            ],
            "version": "==1.19.63"
        },
        "cattrs": {
            "hashes": [
                "sha256:12688f56fbb7f54cf647d031669840e1ab0b9a198bf374a217fcb5be821855df",
                "sha256:f92ca39ccb7373289f9cccf71b86849a29a2d75370bc983e7bf579ce95bfccd8"
            ],
            "markers": "python_version >= '3.7'",
            "version": "==1.3.0"
        },
        "click": {
            "hashes": [
                "sha256:d2b5255c7c6349bc1bd1e59e08cd12acbbd63ce649f2588755783aa94dfb6b1a",
                "sha256:dacca89f4bfadd5de3d7489b7c8a566eee0d3676333fbb50030263894c38c0dc"
            ],
            "markers": "python_version >= '2.7' and python_version not in '3.0, 3.1, 3.2, 3.3, 3.4'",
            "version": "==7.1.2"
        },
        "constructs": {
            "hashes": [
                "sha256:0b4c105c70f99bf63e5189bbd2413747fd936391b9b1486dfb7f244ab39c1110",
                "sha256:32a62080e70b1752536d098df7b961de99fcab882edc3fb40314ddd691c68133"
            ],
            "markers": "python_version >= '3.6'",
            "version": "==3.3.65"
        },
        "db": {
            "editable": true,
            "path": "./layers/db"
        },
        "flake8": {
            "hashes": [
                "sha256:749dbbd6bfd0cf1318af27bf97a14e28e5ff548ef8e5b1566ccfb25a11e7c839",
                "sha256:aadae8761ec651813c24be05c6f7b4680857ef6afaae4651a4eccaef97ce6c3b"
            ],
            "index": "pypi",
            "version": "==3.8.4"
        },
        "greenlet": {
            "hashes": [
                "sha256:0a77691f0080c9da8dfc81e23f4e3cffa5accf0f5b56478951016d7cfead9196",
                "sha256:0ddd77586553e3daf439aa88b6642c5f252f7ef79a39271c25b1d4bf1b7cbb85",
                "sha256:111cfd92d78f2af0bc7317452bd93a477128af6327332ebf3c2be7df99566683",
                "sha256:122c63ba795fdba4fc19c744df6277d9cfd913ed53d1a286f12189a0265316dd",
                "sha256:181300f826625b7fd1182205b830642926f52bd8cdb08b34574c9d5b2b1813f7",
                "sha256:1a1ada42a1fd2607d232ae11a7b3195735edaa49ea787a6d9e6a53afaf6f3476",
                "sha256:1bb80c71de788b36cefb0c3bb6bfab306ba75073dbde2829c858dc3ad70f867c",
                "sha256:1d1d4473ecb1c1d31ce8fd8d91e4da1b1f64d425c1dc965edc4ed2a63cfa67b2",
                "sha256:292e801fcb3a0b3a12d8c603c7cf340659ea27fd73c98683e75800d9fd8f704c",
                "sha256:2c65320774a8cd5fdb6e117c13afa91c4707548282464a18cf80243cf976b3e6",
                "sha256:4365eccd68e72564c776418c53ce3c5af402bc526fe0653722bc89efd85bf12d",
                "sha256:5352c15c1d91d22902582e891f27728d8dac3bd5e0ee565b6a9f575355e6d92f",
                "sha256:58ca0f078d1c135ecf1879d50711f925ee238fe773dfe44e206d7d126f5bc664",
                "sha256:5d4030b04061fdf4cbc446008e238e44936d77a04b2b32f804688ad64197953c",
                "sha256:5d69bbd9547d3bc49f8a545db7a0bd69f407badd2ff0f6e1a163680b5841d2b0",
                "sha256:5f297cb343114b33a13755032ecf7109b07b9a0020e841d1c3cedff6602cc139",
                "sha256:62afad6e5fd70f34d773ffcbb7c22657e1d46d7fd7c95a43361de979f0a45aef",
                "sha256:647ba1df86d025f5a34043451d7c4a9f05f240bee06277a524daad11f997d1e7",
                "sha256:719e169c79255816cdcf6dccd9ed2d089a72a9f6c42273aae12d55e8d35bdcf8",
                "sha256:7cd5a237f241f2764324396e06298b5dee0df580cf06ef4ada0ff9bff851286c",
                "sha256:875d4c60a6299f55df1c3bb870ebe6dcb7db28c165ab9ea6cdc5d5af36bb33ce",
                "sha256:90b6a25841488cf2cb1c8623a53e6879573010a669455046df5f029d93db51b7",
                "sha256:94620ed996a7632723a424bccb84b07e7b861ab7bb06a5aeb041c111dd723d36",
                "sha256:b5f1b333015d53d4b381745f5de842f19fe59728b65f0fbb662dafbe2018c3a5",
                "sha256:c5b22b31c947ad8b6964d4ed66776bcae986f73669ba50620162ba7c832a6b6a",
                "sha256:c93d1a71c3fe222308939b2e516c07f35a849c5047f0197442a4d6fbcb4128ee",
                "sha256:cdb90267650c1edb54459cdb51dab865f6c6594c3a47ebd441bc493360c7af70",
                "sha256:cfd06e0f0cc8db2a854137bd79154b61ecd940dce96fad0cba23fe31de0b793c",
                "sha256:d3789c1c394944084b5e57c192889985a9f23bd985f6d15728c745d380318128",
                "sha256:da7d09ad0f24270b20f77d56934e196e982af0d0a2446120cb772be4e060e1a2",
                "sha256:df3e83323268594fa9755480a442cabfe8d82b21aba815a71acf1bb6c1776218",
                "sha256:df8053867c831b2643b2c489fe1d62049a98566b1646b194cc815f13e27b90df",
                "sha256:e1128e022d8dce375362e063754e129750323b67454cac5600008aad9f54139e",
                "sha256:e6e9fdaf6c90d02b95e6b0709aeb1aba5affbbb9ccaea5502f8638e4323206be",
                "sha256:eac8803c9ad1817ce3d8d15d1bb82c2da3feda6bee1153eec5c58fa6e5d3f770",
                "sha256:eb333b90036358a0e2c57373f72e7648d7207b76ef0bd00a4f7daad1f79f5203",
                "sha256:ed1d1351f05e795a527abc04a0d82e9aecd3bdf9f46662c36ff47b0b00ecaf06",
                "sha256:f3dc68272990849132d6698f7dc6df2ab62a88b0d36e54702a8fd16c0490e44f",
                "sha256:f59eded163d9752fd49978e0bab7a1ff21b1b8d25c05f0995d140cc08ac83379",
                "sha256:f5e2d36c86c7b03c94b8459c3bd2c9fe2c7dab4b258b8885617d44a22e453fb7",
                "sha256:f6f65bf54215e4ebf6b01e4bb94c49180a589573df643735107056f7a910275b",
                "sha256:f8450d5ef759dbe59f84f2c9f77491bb3d3c44bc1a573746daf086e70b14c243",
                "sha256:f97d83049715fd9dec7911860ecf0e17b48d8725de01e45de07d8ac0bd5bc378"
            ],
            "markers": "python_version >= '3'",
            "version": "==1.0.0"
        },
        "iniconfig": {
            "hashes": [
                "sha256:011e24c64b7f47f6ebd835bb12a743f2fbe9a26d4cecaa7f53bc4f35ee9da8b3",
                "sha256:bc3af051d7d14b2ee5ef9969666def0cd1a000e121eaea580d4a313df4b37f32"
            ],
            "version": "==1.1.1"
        },
        "isort": {
            "hashes": [
                "sha256:dcab1d98b469a12a1a624ead220584391648790275560e1a43e54c5dceae65e7",
                "sha256:dcaeec1b5f0eca77faea2a35ab790b4f3680ff75590bfcb7145986905aab2f58"
            ],
            "index": "pypi",
            "version": "==5.6.4"
        },
        "jmespath": {
            "hashes": [
                "sha256:b85d0567b8666149a93172712e68920734333c0ce7e89b78b3e987f71e5ed4f9",
                "sha256:cdf6525904cc597730141d61b36f2e4b8ecc257c420fa2f4549bac2c2d0cb72f"
            ],
            "markers": "python_version >= '2.6' and python_version not in '3.0, 3.1, 3.2'",
            "version": "==0.10.0"
        },
        "jsii": {
            "hashes": [
                "sha256:594bf95bfb6823373aa860892933d23717d7b5b8c3ace7077b41ee5135fee061",
                "sha256:9a6e46d9c2914f32d6231e38df0069b7035a7ad85041c0cf901262041c4be6ff"
            ],
            "markers": "python_version ~= '3.6'",
            "version": "==1.25.0"
        },
        "mccabe": {
            "hashes": [
                "sha256:ab8a6258860da4b6677da4bd2fe5dc2c659cff31b3ee4f7f5d64e79735b80d42",
                "sha256:dd8d182285a0fe56bace7f45b5e7d1a6ebcbf524e8f3bd87eb0f125271b8831f"
            ],
            "version": "==0.6.1"
        },
        "mypy-extensions": {
            "hashes": [
                "sha256:090fedd75945a69ae91ce1303b5824f428daf5a028d2f6ab8a299250a846f15d",
                "sha256:2d82818f5bb3e369420cb3c4060a7970edba416647068eb4c5343488a6c604a8"
            ],
            "version": "==0.4.3"
        },
        "packaging": {
            "hashes": [
                "sha256:5b327ac1320dc863dca72f4514ecc086f31186744b84a230374cc1fd776feae5",
                "sha256:67714da7f7bc052e064859c05c595155bd1ee9f69f76557e21f051443c20947a"
            ],
            "markers": "python_version >= '2.7' and python_version not in '3.0, 3.1, 3.2, 3.3'",
            "version": "==20.9"
        },
        "pathspec": {
            "hashes": [
                "sha256:86379d6b86d75816baba717e64b1a3a3469deb93bb76d613c9ce79edc5cb68fd",
                "sha256:aa0cb481c4041bf52ffa7b0d8fa6cd3e88a2ca4879c533c9153882ee2556790d"
            ],
            "version": "==0.8.1"
        },
        "pluggy": {
            "hashes": [
                "sha256:15b2acde666561e1298d71b523007ed7364de07029219b604cf808bfa1c765b0",
                "sha256:966c145cd83c96502c3c3868f50408687b38434af77734af1e9ca461a4081d2d"
            ],
            "markers": "python_version >= '2.7' and python_version not in '3.0, 3.1, 3.2, 3.3'",
            "version": "==0.13.1"
        },
        "polling2": {
            "hashes": [
                "sha256:003facc3b47ac1e03847610c484409315bc2b2496ff48d0f05114e833cc27a5f",
                "sha256:6fd676640c4575b3d94888b34086cf64ad2ce6b3314107ecd42add2be8224fe0"
            ],
            "index": "pypi",
            "version": "==0.4.6"
        },
        "psycopg2": {
            "hashes": [
                "sha256:00195b5f6832dbf2876b8bf77f12bdce648224c89c880719c745b90515233301",
                "sha256:068115e13c70dc5982dfc00c5d70437fe37c014c808acce119b5448361c03725",
                "sha256:26e7fd115a6db75267b325de0fba089b911a4a12ebd3d0b5e7acb7028bc46821",
                "sha256:2c93d4d16933fea5bbacbe1aaf8fa8c1348740b2e50b3735d1b0bf8154cbf0f3",
                "sha256:56007a226b8e95aa980ada7abdea6b40b75ce62a433bd27cec7a8178d57f4051",
                "sha256:56fee7f818d032f802b8eed81ef0c1232b8b42390df189cab9cfa87573fe52c5",
                "sha256:6a3d9efb6f36f1fe6aa8dbb5af55e067db802502c55a9defa47c5a1dad41df84",
                "sha256:a49833abfdede8985ba3f3ec641f771cca215479f41523e99dace96d5b8cce2a",
                "sha256:ad2fe8a37be669082e61fb001c185ffb58867fdbb3e7a6b0b0d2ffe232353a3e",
                "sha256:b8cae8b2f022efa1f011cc753adb9cbadfa5a184431d09b273fb49b4167561ad",
                "sha256:d160744652e81c80627a909a0e808f3c6653a40af435744de037e3172cf277f5",
                "sha256:d5062ae50b222da28253059880a871dc87e099c25cb68acf613d9d227413d6f7",
                "sha256:f22ea9b67aea4f4a1718300908a2fb62b3e4276cf00bd829a97ab5894af42ea3",
                "sha256:f974c96fca34ae9e4f49839ba6b78addf0346777b46c4da27a7bf54f48d3057d",
                "sha256:fb23f6c71107c37fd667cb4ea363ddeb936b348bbd6449278eb92c189699f543"
            ],
            "index": "pypi",
            "version": "==2.8.6"
        },
        "publication": {
            "hashes": [
                "sha256:0248885351febc11d8a1098d5c8e3ab2dabcf3e8c0c96db1e17ecd12b53afbe6",
                "sha256:68416a0de76dddcdd2930d1c8ef853a743cc96c82416c4e4d3b5d901c6276dc4"
            ],
            "version": "==0.0.3"
        },
        "py": {
            "hashes": [
                "sha256:21b81bda15b66ef5e1a777a21c4dcd9c20ad3efd0b3f817e7a809035269e1bd3",
                "sha256:3b80836aa6d1feeaa108e046da6423ab8f6ceda6468545ae8d02d9d58d18818a"
            ],
            "markers": "python_version >= '2.7' and python_version not in '3.0, 3.1, 3.2, 3.3'",
            "version": "==1.10.0"
        },
        "pycodestyle": {
            "hashes": [
                "sha256:2295e7b2f6b5bd100585ebcb1f616591b652db8a741695b3d8f5d28bdc934367",
                "sha256:c58a7d2815e0e8d7972bf1803331fb0152f867bd89adf8a01dfd55085434192e"
            ],
            "markers": "python_version >= '2.7' and python_version not in '3.0, 3.1, 3.2, 3.3'",
            "version": "==2.6.0"
        },
        "pyflakes": {
            "hashes": [
                "sha256:0d94e0e05a19e57a99444b6ddcf9a6eb2e5c68d3ca1e98e90707af8152c90a92",
                "sha256:35b2d75ee967ea93b55750aa9edbbf72813e06a66ba54438df2cfac9e3c27fc8"
            ],
            "markers": "python_version >= '2.7' and python_version not in '3.0, 3.1, 3.2, 3.3'",
            "version": "==2.2.0"
        },
        "pyparsing": {
            "hashes": [
                "sha256:c203ec8783bf771a155b207279b9bccb8dea02d8f0c9e5f8ead507bc3246ecc1",
                "sha256:ef9d7589ef3c200abe66653d3f1ab1033c3c419ae9b9bdb1240a85b024efc88b"
            ],
            "markers": "python_version >= '2.6' and python_version not in '3.0, 3.1, 3.2'",
            "version": "==2.4.7"
        },
        "pytest": {
            "hashes": [
                "sha256:1969f797a1a0dbd8ccf0fecc80262312729afea9c17f1d70ebf85c5e76c6f7c8",
                "sha256:66e419b1899bc27346cb2c993e12c5e5e8daba9073c1fbce33b9807abc95c306"
            ],
            "index": "pypi",
            "version": "==6.2.1"
        },
        "python-dateutil": {
            "hashes": [
                "sha256:73ebfe9dbf22e832286dafa60473e4cd239f8592f699aa5adaf10050e6e1823c",
                "sha256:75bb3f31ea686f1197762692a9ee6a7550b59fc6ca3a1f4b5d7e32fb98e2da2a"
            ],
            "markers": "python_version >= '2.7' and python_version not in '3.0, 3.1, 3.2'",
            "version": "==2.8.1"
        },
        "regex": {
            "hashes": [
                "sha256:02951b7dacb123d8ea6da44fe45ddd084aa6777d4b2454fa0da61d569c6fa538",
                "sha256:0d08e71e70c0237883d0bef12cad5145b84c3705e9c6a588b2a9c7080e5af2a4",
                "sha256:1862a9d9194fae76a7aaf0150d5f2a8ec1da89e8b55890b1786b8f88a0f619dc",
                "sha256:1ab79fcb02b930de09c76d024d279686ec5d532eb814fd0ed1e0051eb8bd2daa",
                "sha256:1fa7ee9c2a0e30405e21031d07d7ba8617bc590d391adfc2b7f1e8b99f46f444",
                "sha256:262c6825b309e6485ec2493ffc7e62a13cf13fb2a8b6d212f72bd53ad34118f1",
                "sha256:2a11a3e90bd9901d70a5b31d7dd85114755a581a5da3fc996abfefa48aee78af",
                "sha256:2c99e97d388cd0a8d30f7c514d67887d8021541b875baf09791a3baad48bb4f8",
                "sha256:3128e30d83f2e70b0bed9b2a34e92707d0877e460b402faca908c6667092ada9",
                "sha256:38c8fd190db64f513fe4e1baa59fed086ae71fa45083b6936b52d34df8f86a88",
                "sha256:3bddc701bdd1efa0d5264d2649588cbfda549b2899dc8d50417e47a82e1387ba",
                "sha256:4902e6aa086cbb224241adbc2f06235927d5cdacffb2425c73e6570e8d862364",
                "sha256:49cae022fa13f09be91b2c880e58e14b6da5d10639ed45ca69b85faf039f7a4e",
                "sha256:56e01daca75eae420bce184edd8bb341c8eebb19dd3bce7266332258f9fb9dd7",
                "sha256:5862975b45d451b6db51c2e654990c1820523a5b07100fc6903e9c86575202a0",
                "sha256:6a8ce43923c518c24a2579fda49f093f1397dad5d18346211e46f134fc624e31",
                "sha256:6c54ce4b5d61a7129bad5c5dc279e222afd00e721bf92f9ef09e4fae28755683",
                "sha256:6e4b08c6f8daca7d8f07c8d24e4331ae7953333dbd09c648ed6ebd24db5a10ee",
                "sha256:717881211f46de3ab130b58ec0908267961fadc06e44f974466d1887f865bd5b",
                "sha256:749078d1eb89484db5f34b4012092ad14b327944ee7f1c4f74d6279a6e4d1884",
                "sha256:7913bd25f4ab274ba37bc97ad0e21c31004224ccb02765ad984eef43e04acc6c",
                "sha256:7a25fcbeae08f96a754b45bdc050e1fb94b95cab046bf56b016c25e9ab127b3e",
                "sha256:83d6b356e116ca119db8e7c6fc2983289d87b27b3fac238cfe5dca529d884562",
                "sha256:8b882a78c320478b12ff024e81dc7d43c1462aa4a3341c754ee65d857a521f85",
                "sha256:8f6a2229e8ad946e36815f2a03386bb8353d4bde368fdf8ca5f0cb97264d3b5c",
                "sha256:9801c4c1d9ae6a70aeb2128e5b4b68c45d4f0af0d1535500884d644fa9b768c6",
                "sha256:a15f64ae3a027b64496a71ab1f722355e570c3fac5ba2801cafce846bf5af01d",
                "sha256:a3d748383762e56337c39ab35c6ed4deb88df5326f97a38946ddd19028ecce6b",
                "sha256:a63f1a07932c9686d2d416fb295ec2c01ab246e89b4d58e5fa468089cab44b70",
                "sha256:b2b1a5ddae3677d89b686e5c625fc5547c6e492bd755b520de5332773a8af06b",
                "sha256:b2f4007bff007c96a173e24dcda236e5e83bde4358a557f9ccf5e014439eae4b",
                "sha256:baf378ba6151f6e272824b86a774326f692bc2ef4cc5ce8d5bc76e38c813a55f",
                "sha256:bafb01b4688833e099d79e7efd23f99172f501a15c44f21ea2118681473fdba0",
                "sha256:bba349276b126947b014e50ab3316c027cac1495992f10e5682dc677b3dfa0c5",
                "sha256:c084582d4215593f2f1d28b65d2a2f3aceff8342aa85afd7be23a9cad74a0de5",
                "sha256:d1ebb090a426db66dd80df8ca85adc4abfcbad8a7c2e9a5ec7513ede522e0a8f",
                "sha256:d2d8ce12b7c12c87e41123997ebaf1a5767a5be3ec545f64675388970f415e2e",
                "sha256:e32f5f3d1b1c663af7f9c4c1e72e6ffe9a78c03a31e149259f531e0fed826512",
                "sha256:e3faaf10a0d1e8e23a9b51d1900b72e1635c2d5b0e1bea1c18022486a8e2e52d",
                "sha256:f7d29a6fc4760300f86ae329e3b6ca28ea9c20823df123a2ea8693e967b29917",
                "sha256:f8f295db00ef5f8bae530fc39af0b40486ca6068733fb860b42115052206466f"
            ],
            "version": "==2020.11.13"
        },
        "s3transfer": {
            "hashes": [
                "sha256:1e28620e5b444652ed752cf87c7e0cb15b0e578972568c6609f0f18212f259ed",
                "sha256:7fdddb4f22275cf1d32129e21f056337fd2a80b6ccef1664528145b72c49e6d2"
            ],
            "version": "==0.3.4"
        },
        "six": {
            "hashes": [
                "sha256:30639c035cdb23534cd4aa2dd52c3bf48f06e5f4a941509c8bafd8ce11080259",
                "sha256:8b74bedcbbbaca38ff6d7491d76f2b06b3592611af620f8426e82dddb04a5ced"
            ],
            "markers": "python_version >= '2.7' and python_version not in '3.0, 3.1, 3.2'",
            "version": "==1.15.0"
        },
        "sqlalchemy": {
            "hashes": [
                "sha256:02a77eef48da7a5239c003a18afa05c964f1e3001cb2039f69b912b0e0d69c61",
                "sha256:0b77e40d63147cd322307a10905f2690661acaa6f21eb1168a6e6de144c97a12",
                "sha256:1293cbcaf556f3de5a3eb143012e830a7d78952796f5ba9d2a8286d808e158f1",
                "sha256:1373b38a8bba90b54f21ff6b8ec7561d7e4fcc44a1fd70a845ece1014b554f9b",
                "sha256:308968eb85969ca3025452cebff7e3d9af5f5c0771b6e19df3c68b1a3c6918ae",
                "sha256:364b3d46be78eeaa0efc8771d86bd4e66e0e24bc998610ae9b07ab0630a2e0f2",
                "sha256:38a50d4d657bd7aa5a8ddeb06eb4f099c29f9ca7b50295ea0f98793007d448b5",
                "sha256:441788cdc1617fe3e43565399c95098d54e91422a049df08acb3709854e7cec0",
                "sha256:506ff11bc52426bedb66618d10ec1e41c64667ee685fbffb6a3057e5d9513129",
                "sha256:56d33a788c427f29a54600374bb3e435331238e7551c1ce738da5186c20f6c68",
                "sha256:5beadd632440aa67f3cb3ec235246c3753f8b3d72b254ee5a87c1e87619952f4",
                "sha256:5f326c4264d2f1614f471b6f04e96522f7cc94843172e099bf2fb22079891c20",
                "sha256:682961ff4e9fcd9803ab3918c7f8c44ab4076566a0385606377723caf18c371a",
                "sha256:6a144c87df1eeeb604e20deb074b9252e7f63b5f528a61b7d9d509c2e67adfb0",
                "sha256:6fd3bfc212f68913fe42e9a7b5a39fb259e40e927fe5e813f27c6a692bd624e7",
                "sha256:7fdec39fe2495a1c833b917d7c0c8b9d06c0b1b91df74e45be7dc7af325a40fa",
                "sha256:8319413aaf11e777ed328a763038c85faf4ff4461a14c09f8c2bf5e46954ea8b",
                "sha256:90a8529f04f25051357fc149bc7815b515d018598ff6f1f91038dad665a7ac61",
                "sha256:9613ae722a818d231b47fe03c7ff60ce2cd9a54c7a3fb927db9e5df6683c438a",
                "sha256:9cfef2ad30c5ee1d494d98f3c55a9ac29ec6d294b70849c541d139e4fe1a74e6",
                "sha256:a595fe93ef2722c4877e1db80aabbe172b0af7846c61b2852388780a53203855",
                "sha256:a75ac5cdac68c10b71f00aff2f4179168abcf462e73d0289d806293b44abfce6",
                "sha256:b8bdfb73d07467f2e21e7ff3abc823d52f88b1e5c377fc14da625b30469350ab",
                "sha256:bc626e44fec23d9ea92aeecd2359720e8620c1f963c8e24bfdd27e757ed0548c",
                "sha256:bd73da5de31118a8130540297779d36bf4d7414c6cca8d7f769b1550dafce78d",
                "sha256:befa0b60b663fdbc1bb1bde60d3788ff5a64700f253f7981a22081f3b44239f2",
                "sha256:c101e9f57d8a67a4b613852d4a5ee850cd2e8b4791ddba2a90ced4dbc66e5fa2",
                "sha256:c272f0340a40d178461b2b54f27360289e063f70db495daa852c2f318fc00640",
                "sha256:ce33a952476f9100daa76fb8228fdc99ac11df3c316be2eb946ba31fbe845ba6",
                "sha256:dd940003b5724e7376dd627b13086798076c5bc124d562163224334854bdd0ca",
                "sha256:ddb17736fc2999dc4e550f02e05add7a2197668cde059269b23989d8730ef71a",
                "sha256:e04efa8dd75b9bfc16a6bc174e715678c6e99f52c633eccef76e156e408a5432",
                "sha256:e7902051dc747cc96b552230464ddb2c96407e7f07680c71c1923dca2f3a6d9d",
                "sha256:faad6bcbc1af9dfb2b2e02be988f992989d99e3eae0c5b21fce818d47aab5181"
            ],
            "markers": "python_version >= '2.7' and python_version not in '3.0, 3.1, 3.2, 3.3, 3.4, 3.5'",
            "version": "==1.4.0"
        },
        "toml": {
            "hashes": [
                "sha256:806143ae5bfb6a3c6e736a764057db0e6a0e05e338b5630894a5f779cabb4f9b",
                "sha256:b3bda1d108d5dd99f4a20d24d9c348e91c4db7ab1b749200bded2f839ccbe68f"
            ],
            "markers": "python_version >= '2.6' and python_version not in '3.0, 3.1, 3.2'",
            "version": "==0.10.2"
        },
        "typed-ast": {
            "hashes": [
                "sha256:07d49388d5bf7e863f7fa2f124b1b1d89d8aa0e2f7812faff0a5658c01c59aa1",
                "sha256:14bf1522cdee369e8f5581238edac09150c765ec1cb33615855889cf33dcb92d",
                "sha256:240296b27397e4e37874abb1df2a608a92df85cf3e2a04d0d4d61055c8305ba6",
                "sha256:36d829b31ab67d6fcb30e185ec996e1f72b892255a745d3a82138c97d21ed1cd",
                "sha256:37f48d46d733d57cc70fd5f30572d11ab8ed92da6e6b28e024e4a3edfb456e37",
                "sha256:4c790331247081ea7c632a76d5b2a265e6d325ecd3179d06e9cf8d46d90dd151",
                "sha256:5dcfc2e264bd8a1db8b11a892bd1647154ce03eeba94b461effe68790d8b8e07",
                "sha256:7147e2a76c75f0f64c4319886e7639e490fee87c9d25cb1d4faef1d8cf83a440",
                "sha256:7703620125e4fb79b64aa52427ec192822e9f45d37d4b6625ab37ef403e1df70",
                "sha256:8368f83e93c7156ccd40e49a783a6a6850ca25b556c0fa0240ed0f659d2fe496",
                "sha256:84aa6223d71012c68d577c83f4e7db50d11d6b1399a9c779046d75e24bed74ea",
                "sha256:85f95aa97a35bdb2f2f7d10ec5bbdac0aeb9dafdaf88e17492da0504de2e6400",
                "sha256:8db0e856712f79c45956da0c9a40ca4246abc3485ae0d7ecc86a20f5e4c09abc",
                "sha256:9044ef2df88d7f33692ae3f18d3be63dec69c4fb1b5a4a9ac950f9b4ba571606",
                "sha256:963c80b583b0661918718b095e02303d8078950b26cc00b5e5ea9ababe0de1fc",
                "sha256:987f15737aba2ab5f3928c617ccf1ce412e2e321c77ab16ca5a293e7bbffd581",
                "sha256:9ec45db0c766f196ae629e509f059ff05fc3148f9ffd28f3cfe75d4afb485412",
                "sha256:9fc0b3cb5d1720e7141d103cf4819aea239f7d136acf9ee4a69b047b7986175a",
                "sha256:a2c927c49f2029291fbabd673d51a2180038f8cd5a5b2f290f78c4516be48be2",
                "sha256:a38878a223bdd37c9709d07cd357bb79f4c760b29210e14ad0fb395294583787",
                "sha256:b4fcdcfa302538f70929eb7b392f536a237cbe2ed9cba88e3bf5027b39f5f77f",
                "sha256:c0c74e5579af4b977c8b932f40a5464764b2f86681327410aa028a22d2f54937",
                "sha256:c1c876fd795b36126f773db9cbb393f19808edd2637e00fd6caba0e25f2c7b64",
                "sha256:c9aadc4924d4b5799112837b226160428524a9a45f830e0d0f184b19e4090487",
                "sha256:cc7b98bf58167b7f2db91a4327da24fb93368838eb84a44c472283778fc2446b",
                "sha256:cf54cfa843f297991b7388c281cb3855d911137223c6b6d2dd82a47ae5125a41",
                "sha256:d003156bb6a59cda9050e983441b7fa2487f7800d76bdc065566b7d728b4581a",
                "sha256:d175297e9533d8d37437abc14e8a83cbc68af93cc9c1c59c2c292ec59a0697a3",
                "sha256:d746a437cdbca200622385305aedd9aef68e8a645e385cc483bdc5e488f07166",
                "sha256:e683e409e5c45d5c9082dc1daf13f6374300806240719f95dc783d1fc942af10"
            ],
            "version": "==1.4.2"
        },
        "typing-extensions": {
            "hashes": [
                "sha256:7cb407020f00f7bfc3cb3e7881628838e69d8f3fcab2f64742a5e76b2f841918",
                "sha256:99d4073b617d30288f569d3f13d2bd7548c3a7e4c8de87db09a9d29bb3a4a60c",
                "sha256:dafc7639cde7f1b6e1acc0f457842a83e722ccca8eef5270af2d74792619a89f"
            ],
            "version": "==3.7.4.3"
        },
        "urllib3": {
            "hashes": [
                "sha256:2f4da4594db7e1e110a944bb1b551fdf4e6c136ad42e4234131391e21eb5b0df",
                "sha256:e7b021f7241115872f92f43c6508082facffbd1c048e3c6e2bb9c2a157e28937"
            ],
            "markers": "python_version != '3.4'",
            "version": "==1.26.4"
        }
    }
}
