{
    "_meta": {
        "hash": {
            "sha256": "12c5e7a08fde7a8e46cf96dcfacaa6fb4d17592df937c0b24cf9eba94172c523"
        },
        "pipfile-spec": 6,
        "requires": {
            "python_version": "3.8"
        },
        "sources": [
            {
                "name": "pypi",
                "url": "https://pypi.org/simple",
                "verify_ssl": true
            }
        ]
    },
    "default": {},
    "develop": {
        "appdirs": {
            "hashes": [
                "sha256:7d5d0167b2b1ba821647616af46a749d1c653740dd0d2415100fe26e27afdf41",
                "sha256:a841dacd6b99318a741b166adb07e19ee71a274450e68237b4650ca1055ab128"
            ],
            "version": "==1.4.4"
        },
        "assertpy": {
            "hashes": [
                "sha256:acc64329934ad71a3221de185517a43af33e373bb44dc05b5a9b174394ef4833"
            ],
            "index": "pypi",
            "version": "==1.1"
        },
        "attrs": {
            "hashes": [
                "sha256:31b2eced602aa8423c2aea9c76a724617ed67cf9513173fd3a4f03e3a929c7e6",
                "sha256:832aa3cde19744e49938b91fea06d69ecb9e649c93ba974535d08ad92164f700"
            ],
            "markers": "python_version >= '2.7' and python_version not in '3.0, 3.1, 3.2, 3.3'",
            "version": "==20.3.0"
        },
        "aws-cdk.assets": {
            "hashes": [
                "sha256:1d442ae6eb2f5b3e911f49628b5c95c5666047895c76fc0bb197ebb56be1cc98",
                "sha256:a1972b2214a66e212f3b7d1d475b5ca6ba7d92e63b932f274de168dce0bcf91f"
            ],
            "markers": "python_version >= '3.6'",
            "version": "==1.92.0"
        },
        "aws-cdk.aws-apigateway": {
            "hashes": [
                "sha256:6c5694ae98dc0bf6a4d5cdda0548ca200105260a180b7000be3b22f52ff6575e",
                "sha256:f418158aeef4067ef86f6cd116ac28c09641f09d673ed77ff8bfc81460b9fcba"
            ],
            "index": "pypi",
            "version": "==1.92.0"
        },
        "aws-cdk.aws-apigatewayv2": {
            "hashes": [
                "sha256:9a5585a7d34c4d71628a414f1279d7f6c2d054a6ce78744934cf4b4f50b4cf8b",
                "sha256:ac1075780d484d89cc8ee5274142eec5cc7987c54c0fae84ad735edd9806d1e2"
            ],
            "markers": "python_version >= '3.6'",
            "version": "==1.92.0"
        },
        "aws-cdk.aws-applicationautoscaling": {
            "hashes": [
                "sha256:b19c0ff3b5a512fcf61d4b4418a2147c1ea3ecfef7dc97934e8d66a5db2dbeee",
                "sha256:eabd93dae466ff6991f1e824a83efa3cfdc22da6abf67f6f263ccd55aa5e24a8"
            ],
            "markers": "python_version >= '3.6'",
            "version": "==1.92.0"
        },
        "aws-cdk.aws-autoscaling": {
            "hashes": [
                "sha256:258d52d59546d48f3542b76f1e944531d34889c8089e5a976e8906b23138fde6",
                "sha256:f5e18017eee3d2ac264c58e2ba8e3acd45b535e3f4e6fa73c2ee161a72c01d44"
            ],
            "markers": "python_version >= '3.6'",
            "version": "==1.92.0"
        },
        "aws-cdk.aws-autoscaling-common": {
            "hashes": [
                "sha256:82a99e55059b45b9d65eb813ffd2c28a87b9f2a8292d60cff6c1a51af8506a79",
                "sha256:b62266c3351d18590daf2fd9b15e02dda85d751c967e25098d7b1b28808907a8"
            ],
            "markers": "python_version >= '3.6'",
            "version": "==1.92.0"
        },
        "aws-cdk.aws-autoscaling-hooktargets": {
            "hashes": [
                "sha256:f38470b50edf09bb36764925b5dbce1b8a68ef18b7b1f95b9b2ce4b88a0abba6",
                "sha256:fcc5f94e2f231e4b787fbd6d5a7950d06338cf40dd9a0a95d7ed68d4c577f936"
            ],
            "markers": "python_version >= '3.6'",
            "version": "==1.92.0"
        },
        "aws-cdk.aws-batch": {
            "hashes": [
                "sha256:3b6df5d838b1e251d298c2fe5827a2bc7e849d37ba650990e901ef7bf5c036f3",
                "sha256:6195471ae7666ebe82ef01598e265cd56f4b5b9a754299803e0545c5dd3e121d"
            ],
            "markers": "python_version >= '3.6'",
            "version": "==1.92.0"
        },
        "aws-cdk.aws-certificatemanager": {
            "hashes": [
                "sha256:d0105ede7bed8fec409b56560664588c38a589194360dfb0ec0672d5ba000dec",
                "sha256:d8bb84811138026b067da550a65c5e5e0ee23cb5465ad20fd90d25eaccb441f1"
            ],
            "markers": "python_version >= '3.6'",
            "version": "==1.92.0"
        },
        "aws-cdk.aws-cloudformation": {
            "hashes": [
                "sha256:ac183330514d11a47a132648e06d1b452a16c73955c86f79b821a16fba473264",
                "sha256:d13956c6c7693ac388645393833c29f45edb731d67be9e4c43a3daacf1e90936"
            ],
            "markers": "python_version >= '3.6'",
            "version": "==1.92.0"
        },
        "aws-cdk.aws-cloudfront": {
            "hashes": [
                "sha256:c8c827cc5a1640e6479030a8e76efef098b7e055bbc130240fd3b0415f61c723",
                "sha256:fc125dff13f0795a994647a10631d2fbf4f73a8a79f0235da9516b427a8b4c10"
            ],
            "markers": "python_version >= '3.6'",
            "version": "==1.92.0"
        },
        "aws-cdk.aws-cloudwatch": {
            "hashes": [
                "sha256:8ebe792ad7e63d9bda78a4a81cda3408f0cb2c85c2e3a9c4bbabb710919880f9",
                "sha256:f37fa8a1d5ca219b89c04d68446a60d048c8819ecd335a64d1f5cb05157d20af"
            ],
            "markers": "python_version >= '3.6'",
            "version": "==1.92.0"
        },
        "aws-cdk.aws-codebuild": {
            "hashes": [
                "sha256:439cf360eda96a83b055bfc56c9a8d982efb0b3dc9f7db889dd22c73caafa6f4",
                "sha256:81bf966ef1521a32abbac285da1012bac44cd4bd887dbb7e038f9df318344e8e"
            ],
            "markers": "python_version >= '3.6'",
            "version": "==1.92.0"
        },
        "aws-cdk.aws-codecommit": {
            "hashes": [
                "sha256:35ee0a5fdcda84b790a344526b6322506d317ba524c38d65e9e21ad809653045",
                "sha256:c864361658753b96f634116e822b78f56cbedfcf4be7363730fcc267a90e6c5d"
            ],
            "markers": "python_version >= '3.6'",
            "version": "==1.92.0"
        },
        "aws-cdk.aws-codeguruprofiler": {
            "hashes": [
                "sha256:262d02142d09c6cdd7a599c5706562ea7a52a609099b7de096e319aadead5df4",
                "sha256:7990800cb9af25c8682d962b6b45493163e4e2932d822e9c2eb86a57148d18b2"
            ],
            "markers": "python_version >= '3.6'",
            "version": "==1.92.0"
        },
        "aws-cdk.aws-codepipeline": {
            "hashes": [
                "sha256:23c9cb97608a67151fd2bfd5d2202cb64e263576787dbddb98d70e4845c9088b",
                "sha256:83c7c971d824c1d52d4e4267acbacfc0eeaa55c678f4c166c09ee4cb874091e9"
            ],
            "markers": "python_version >= '3.6'",
            "version": "==1.92.0"
        },
        "aws-cdk.aws-cognito": {
            "hashes": [
                "sha256:4672a1d70c74913bf31112326815f8854c90f11342dd152b8769cf651303a553",
                "sha256:5d2bcc5aecea1ad46d01594fe17f8b6631f7b1ae62ba60540707a7b269647045"
            ],
            "markers": "python_version >= '3.6'",
            "version": "==1.92.0"
        },
        "aws-cdk.aws-databrew": {
            "hashes": [
                "sha256:038fa8f639bbb7477c253de3983a1ac183d9c93a604598d037269c4036e3e229",
                "sha256:9a6ac88675e9cde116d403bfab6b54081d4350c945238199a9e6cca5891dd85e"
            ],
            "markers": "python_version >= '3.6'",
            "version": "==1.92.0"
        },
        "aws-cdk.aws-dynamodb": {
            "hashes": [
                "sha256:0bb66a668d92a212187dc5f63b3c46e68e5bfa676e5ac7c95ee97264de4b865d",
                "sha256:b442acef4d2fee2a118fa8f2f6013e999e40f0edf8ae70eccc74f21406195e8a"
            ],
            "markers": "python_version >= '3.6'",
            "version": "==1.92.0"
        },
        "aws-cdk.aws-ec2": {
            "hashes": [
                "sha256:ecebc2f02d9eea42115f575b76c013b5e0f6f65ed97f4617f2ede38705dcf098",
                "sha256:f5918183c69430a774ca2b766ca022530f53c72d33c1da71f78f072dc92347d6"
            ],
            "index": "pypi",
            "version": "==1.92.0"
        },
        "aws-cdk.aws-ecr": {
            "hashes": [
                "sha256:3a9bc6f8ede69e409827298e3f560b8b39f56ae918a059d17528ff7065798841",
                "sha256:f93e9dbc83df153e50c0ff260b3638db308e1edd9d0ce4fea9216346b968fa5e"
            ],
            "markers": "python_version >= '3.6'",
            "version": "==1.92.0"
        },
        "aws-cdk.aws-ecr-assets": {
            "hashes": [
                "sha256:b357264ae29b0aaf344e6e1411e181ad709ababda48347883a7fdb9ccafa2504",
                "sha256:d24f07b96167d2be077f8b8b3d401877a28ab0f8aa5759b797518d3d17a55554"
            ],
            "markers": "python_version >= '3.6'",
            "version": "==1.92.0"
        },
        "aws-cdk.aws-ecs": {
            "hashes": [
                "sha256:a65eb7b93ef97fcbc06b42a7266f373848bb751c6102a5c68c29d08dd9124c36",
                "sha256:c5e5016d9a3381091f3b96a327712f21b8f474da75055f30aee6823bb2dc7564"
            ],
            "markers": "python_version >= '3.6'",
            "version": "==1.92.0"
        },
        "aws-cdk.aws-efs": {
            "hashes": [
                "sha256:51bf63c1f8d5d15c1b159db80b406ca4ba4b62358b3d86c560d09bc520972e78",
                "sha256:f9c49d8d9686b2f62860efd20a03046cd81bd10fd5f4806bf7ed2a7e0e0c88f9"
            ],
            "markers": "python_version >= '3.6'",
            "version": "==1.92.0"
        },
        "aws-cdk.aws-eks": {
            "hashes": [
                "sha256:33d5ea74ba97d97015ac8663b20081050926949e957be14d69850604fa7bef9f",
                "sha256:ede8678cb5f77be94c3cb843859314d6ddd260f73c1290744532fb60ec2d1ae0"
            ],
            "markers": "python_version >= '3.6'",
            "version": "==1.92.0"
        },
        "aws-cdk.aws-elasticloadbalancing": {
            "hashes": [
                "sha256:0714d95c7f4d83554a654e9915c6aab30652b75ae9b327c65cfd4caa1f19c47e",
                "sha256:a24ee1126f07d232fa090a98dc242e367808e9071c7f2d11034db18d2f585e96"
            ],
            "markers": "python_version >= '3.6'",
            "version": "==1.92.0"
        },
        "aws-cdk.aws-elasticloadbalancingv2": {
            "hashes": [
                "sha256:e24320aefea829e1e2a029f70ad8a3bae036c497b36f912112f544fb884bc8f0",
                "sha256:ffd6ec8d1dda792eb8b3d874f46c72e313edccdcd4e9cf9792b987da8ead7efb"
            ],
            "markers": "python_version >= '3.6'",
            "version": "==1.92.0"
        },
        "aws-cdk.aws-events": {
            "hashes": [
                "sha256:51e1db0ffabda344fe8eb0e9f1e54f3d74ffa6a62a5e2642204999544e95a6b6",
                "sha256:b81259cffe35e62dddbf36bec8c1b487acbdd9ec80b1f7fa747ef8f2ec9a5224"
            ],
            "index": "pypi",
            "version": "==1.92.0"
        },
        "aws-cdk.aws-events-targets": {
            "hashes": [
                "sha256:0783c4e3142955756d34a99b9c6a3f0b556648565e1ae9de3013ff126baec354",
                "sha256:fd17b79e0c7173da23cfa80a81f64e8351184d7e9e83a655ea4f8ced4c9f991f"
            ],
            "index": "pypi",
            "version": "==1.92.0"
        },
        "aws-cdk.aws-globalaccelerator": {
            "hashes": [
                "sha256:03932cb015ec209673454d0c8854870174e3617df6c8ad1739240c411e57ced5",
                "sha256:06493d65a45d7036ee88199c2018a6b506d3a135711044d43411b542261c6938"
            ],
            "markers": "python_version >= '3.6'",
            "version": "==1.92.0"
        },
        "aws-cdk.aws-glue": {
            "hashes": [
                "sha256:7d832e23fc430004cd7911b6048a73046cef8827ce79faff09cd606d6c033f8e",
                "sha256:a84a408c3273e41598adeff3d4912cee0c0d0f856c4df34db68f13ec8305c6b5"
            ],
            "markers": "python_version >= '3.6'",
            "version": "==1.92.0"
        },
        "aws-cdk.aws-iam": {
            "hashes": [
                "sha256:4ea60234f25623dc9c34ffc2e19b9d122b5b9a01a1c1aa2342457eee392d2a10",
                "sha256:7b8dde4fc64f75836ce19f684609e30f5344f04fdd15a4e6587879264cb87b44"
            ],
            "markers": "python_version >= '3.6'",
            "version": "==1.92.0"
        },
        "aws-cdk.aws-kinesis": {
            "hashes": [
                "sha256:3813125d3d8c87109aaac5a2f34cba03bb84f0a40917fcd37c7ad9c0e5eaa579",
                "sha256:87f39c37559513b87b764a7677359390ab00cc08a9053b3afb9fc32df33b20fd"
            ],
            "markers": "python_version >= '3.6'",
            "version": "==1.92.0"
        },
        "aws-cdk.aws-kinesisfirehose": {
            "hashes": [
                "sha256:171fc2c9a85b0fe4e0d8a4d720d9f439deb0917f7d47aa6c84da4911025791b9",
                "sha256:7bc5641980dda58ba51b1791cb8da5c34c328d232085aadd613f2bd74fa8cb95"
            ],
            "markers": "python_version >= '3.6'",
            "version": "==1.92.0"
        },
        "aws-cdk.aws-kms": {
            "hashes": [
                "sha256:0747675ebfaa721adfa7303da51865b3327ed76a9d40cb3b6129ac8ea78e92fd",
                "sha256:896f7287e1d673c4707e7ec0cde3090431c71c8f15cf3ab7a441cfa58e8f920b"
            ],
            "markers": "python_version >= '3.6'",
            "version": "==1.92.0"
        },
        "aws-cdk.aws-lambda": {
            "hashes": [
                "sha256:405aed6a3f8079b778580243c9e3003bfd605875d03f6ebc61f3555a421ff5ae",
                "sha256:99d5320b1a5eaee67bd6b7ff213d5d57fc5a845e08ee1ce46fc994a19fb61b2e"
            ],
            "index": "pypi",
            "version": "==1.92.0"
        },
        "aws-cdk.aws-lambda-event-sources": {
            "hashes": [
                "sha256:5ff5b4daa198d079ce631249302aa361fe91d77b6723f8242fe9dcf67a0f6c20",
                "sha256:92e9b9f6daed47c501339bbc494bcd8f31ce8ab5314fc247939afd27515981ef"
            ],
            "index": "pypi",
            "version": "==1.92.0"
        },
        "aws-cdk.aws-lambda-python": {
            "hashes": [
                "sha256:52152ac0a7cf1a0808a69dea280d090ff9c1e7cc98aa2e108b1c2f63e0296c63",
                "sha256:f78fa7b6bc8050fdd7313ff4571379089ff053edcb3fd2b55befae3faa71a4c4"
            ],
            "index": "pypi",
            "version": "==1.92.0"
        },
        "aws-cdk.aws-logs": {
            "hashes": [
                "sha256:c807855ab35df7a8c9e0cce8ea88885ac187d06c7937f17ab2ebc2c8c6d76273",
                "sha256:e381c1fa396ad70f269d46958e628d02fd43841328ae3e6a157151662dcbe1cc"
            ],
            "index": "pypi",
            "version": "==1.92.0"
        },
        "aws-cdk.aws-rds": {
            "hashes": [
                "sha256:52d2ffe734b93265abf28d6dd9bd8ab9dadd37c8761824d274ea41b6525bc94a",
                "sha256:5db1d276c2f2b6d7965e34b222c3e5bb2710498291ee0031022f0ec42c178b3c"
            ],
            "index": "pypi",
            "version": "==1.92.0"
        },
        "aws-cdk.aws-route53": {
            "hashes": [
                "sha256:3b399327be43829618d79e2d1d1492ad3b8abc6c5e285ad011e0aaa28c5564ef",
                "sha256:cd2b123e35bce85c66b20be66a145f0f30ab5655f8b9eb6583b28a98ff71333f"
            ],
            "markers": "python_version >= '3.6'",
            "version": "==1.92.0"
        },
        "aws-cdk.aws-route53-targets": {
            "hashes": [
                "sha256:1a7e420401f1f8356572f28b0773c2cd2a55a2b94765e8efd21cbe59d38cdc57",
                "sha256:5aac3d89a38c36bb26b3da148e5f12434388ea4bb066d2a27b9e9fc442a4de24"
            ],
            "markers": "python_version >= '3.6'",
            "version": "==1.92.0"
        },
        "aws-cdk.aws-s3": {
            "hashes": [
                "sha256:a94e136a012ab8501403f2a5ac5b072caff659fde2257391f592014b4d960d14",
                "sha256:f4aae2e95b9d8e8e6a8856ae06f510f1a352098495b9c2cc8bf852686aa5e178"
            ],
            "index": "pypi",
            "version": "==1.92.0"
        },
        "aws-cdk.aws-s3-assets": {
            "hashes": [
                "sha256:3684517c674ce92d0ed26a0436913f62c0efb2134f08bec043e7c65535647a2b",
                "sha256:efae2793f4276980ae85d9c61e150990d6c6c78ae4aa56b6cb533da699714370"
            ],
            "markers": "python_version >= '3.6'",
            "version": "==1.92.0"
        },
        "aws-cdk.aws-s3-notifications": {
            "hashes": [
                "sha256:8e438a05419fc3dd825f3490629ea7457ea96291dec3dcb0822338d737725bd2",
                "sha256:e237afd6e1673daed6000339fa84c65aaa557a89fbcc1169265f645e7721987b"
            ],
            "markers": "python_version >= '3.6'",
            "version": "==1.92.0"
        },
        "aws-cdk.aws-sam": {
            "hashes": [
                "sha256:004e5ff00682cf2c9f95c848251aa5f18f55f2af86f993fc99b300a4aa3c2ca7",
                "sha256:aa35410e80a1a79ef29fd83b41d3ba5858091b06ecec5fa41af09bd1c8bb9cb5"
            ],
            "markers": "python_version >= '3.6'",
            "version": "==1.92.0"
        },
        "aws-cdk.aws-secretsmanager": {
            "hashes": [
                "sha256:91070d7f265fb3f105dc444d0fd94d630ac4d8f97410a86c485931ef881e5c54",
                "sha256:c5138f6fe8283f4d7529366562593b3cc7b239d0533422bcefea47b47f39e232"
            ],
            "index": "pypi",
            "version": "==1.92.0"
        },
        "aws-cdk.aws-servicediscovery": {
            "hashes": [
                "sha256:2bb6d33781185a972e56ed9d09f9b3fd1e14a3dc65947c7c1779dcf5f9bb727f",
                "sha256:387da65ae204d8ce976809f5799a405f8912bb5614a650c5e20615bbb9b65708"
            ],
            "markers": "python_version >= '3.6'",
            "version": "==1.92.0"
        },
        "aws-cdk.aws-signer": {
            "hashes": [
                "sha256:de5380e7387667c31cb3e83a1cf9cab31414801813f0a21f59750db51300258c",
                "sha256:e85268e4381c1e9885299a26e8b779346c32df066e8402b21d28a18e2aeefb14"
            ],
            "markers": "python_version >= '3.6'",
            "version": "==1.92.0"
        },
        "aws-cdk.aws-sns": {
            "hashes": [
                "sha256:1918ddf14e196064eb96f56a22ec14e666703a8f240a19c69380c2b27dc4d0e4",
                "sha256:4b594fc3cb3caca19a78ecd8e66553ba04a1e91806acdfadd593242e3927f6d8"
            ],
            "markers": "python_version >= '3.6'",
            "version": "==1.92.0"
        },
        "aws-cdk.aws-sns-subscriptions": {
            "hashes": [
                "sha256:2a53eee06580f32450529cee3c0f2718ac605712ea988ad7652aac227a90e3d8",
                "sha256:5de216be922b9145d6010a2d7726a7e9c642732e57058077546ecba80603e683"
            ],
            "markers": "python_version >= '3.6'",
            "version": "==1.92.0"
        },
        "aws-cdk.aws-sqs": {
            "hashes": [
                "sha256:303ad69311b7c043447ab611bc2e3b09b6df90127f4d69711ac4bbf56e107eb5",
                "sha256:a5b0318d9ee2fe77694bdf71111fd6e48eccefac7ee9efb40af4ca7510e2d8d8"
            ],
            "index": "pypi",
            "version": "==1.92.0"
        },
        "aws-cdk.aws-ssm": {
            "hashes": [
                "sha256:4234f184ce462c0e472c9a99b43d922458ae49a11890e8d8e8906fb92fedcf9d",
                "sha256:9760a1e65cf152cc7da41b83a96d5ac669942a6883646e1d86766150664ae04a"
            ],
            "index": "pypi",
            "version": "==1.92.0"
        },
        "aws-cdk.aws-stepfunctions": {
            "hashes": [
                "sha256:924d9e2f0dea44353aef05f066542ac19480db88b83178985c51bd5cb7e55a5e",
                "sha256:abf0f13d9f9ca07680ba49df3913b116d23f1ba5cc2a8765b58d758d79a870ac"
            ],
            "index": "pypi",
            "version": "==1.92.0"
        },
        "aws-cdk.aws-stepfunctions-tasks": {
            "hashes": [
                "sha256:cf5c6fe9557d56b95a4a36327736524349c3cd6736e5ee357b2e2e4c5d7b94af",
                "sha256:fa2e5c3ca2fea641bf2e8396237d7eed6bbd3f58a8cd15fbd82b2b17918daf1d"
            ],
            "index": "pypi",
            "version": "==1.92.0"
        },
        "aws-cdk.cloud-assembly-schema": {
            "hashes": [
                "sha256:3f06bff0f23ce0707df1accac8863dde43685f39f3d5c3b1cd7ad178c23428ad",
                "sha256:a6ae23912eccdc4c6fa194903b98985733c1d38084667ae4c444a008c1e80e24"
            ],
            "markers": "python_version >= '3.6'",
            "version": "==1.92.0"
        },
        "aws-cdk.core": {
            "hashes": [
                "sha256:1e9babba967acda2ddd851d8f36259d029922f754323d73e465cb9a7f611bd36",
                "sha256:c03b75cf9295dd260d4b70da989cc3eca98fa2b781e063e8d64ed9543c3b95df"
            ],
            "index": "pypi",
            "version": "==1.92.0"
        },
        "aws-cdk.custom-resources": {
            "hashes": [
                "sha256:65b6669064ce7e0319aeb75f0f740bdc782da77fe34e140c1fe06c32e30c8f04",
                "sha256:fc36a0ac8025fa59c6feb1670d07c345ec9cae0f58ad12c06c2ab79ca98688c9"
            ],
            "markers": "python_version >= '3.6'",
            "version": "==1.92.0"
        },
        "aws-cdk.cx-api": {
            "hashes": [
                "sha256:2517305328254716f3f25351900ceedabd9fd67a2a64cab81eab70986dff184d",
                "sha256:46df189db1a4306fd0a0ec08cc65585838712a63db07ef0efe6ed44a4699a1e0"
            ],
            "markers": "python_version >= '3.6'",
            "version": "==1.92.0"
        },
        "aws-cdk.lambda-layer-awscli": {
            "hashes": [
                "sha256:46bfdacaf52a5e14aa6b4e356097992766d4010b523e0e4f90824a3059eaf477",
                "sha256:6f82c9e9e1d151c550e00a794d58f6584b5b86b6e84309e484f1d14123a958a7"
            ],
            "markers": "python_version >= '3.6'",
            "version": "==1.92.0"
        },
        "aws-cdk.lambda-layer-kubectl": {
            "hashes": [
                "sha256:033c332a04bdd8158e0d6c6252a0caea34a24022db7252e061b59fefde80f80e",
                "sha256:4a66798207094260495256a67a63774ce4c80d6d2b1c9c0047c052d66cb947b6"
            ],
            "markers": "python_version >= '3.6'",
            "version": "==1.92.0"
        },
        "aws-cdk.region-info": {
            "hashes": [
                "sha256:2e094a958a04fa76bf7b3c59ce4299a1301945d46210a9a20de07c93ee44e786",
                "sha256:955de3a7efdecf5112a8bd21c43f322da85c136a75f29b4a761c06af0a30445f"
            ],
            "markers": "python_version >= '3.6'",
            "version": "==1.92.0"
        },
        "black": {
            "hashes": [
                "sha256:1c02557aa099101b9d21496f8a914e9ed2222ef70336404eeeac8edba836fbea"
            ],
            "index": "pypi",
            "version": "==20.8b1"
        },
        "boto3": {
            "hashes": [
                "sha256:1ca39de26205439832fa740fcc200de85f107b615dae445f869a16b76672e663",
                "sha256:d6716f6701aae771f6ff2386a1d641855a99a9fedd64bd25476b83bacdd50c94"
            ],
            "index": "pypi",
            "version": "==1.17.23"
        },
        "botocore": {
            "hashes": [
                "sha256:d5ea913331e93cecde25773841397c5d2abbc04f38b1c96c636444e8bb3478f8",
                "sha256:f3ae5cae250c3fb200d33abacbee3f0c6513fc6f1d17a851b04a3998de68c829"
            ],
            "markers": "python_version >= '2.7' and python_version not in '3.0, 3.1, 3.2, 3.3, 3.4, 3.5'",
            "version": "==1.20.23"
        },
        "cattrs": {
            "hashes": [
                "sha256:12688f56fbb7f54cf647d031669840e1ab0b9a198bf374a217fcb5be821855df",
                "sha256:f92ca39ccb7373289f9cccf71b86849a29a2d75370bc983e7bf579ce95bfccd8"
            ],
            "markers": "python_version >= '3.7'",
            "version": "==1.3.0"
        },
        "click": {
            "hashes": [
                "sha256:d2b5255c7c6349bc1bd1e59e08cd12acbbd63ce649f2588755783aa94dfb6b1a",
                "sha256:dacca89f4bfadd5de3d7489b7c8a566eee0d3676333fbb50030263894c38c0dc"
            ],
            "markers": "python_version >= '2.7' and python_version not in '3.0, 3.1, 3.2, 3.3, 3.4'",
            "version": "==7.1.2"
        },
        "constructs": {
            "hashes": [
                "sha256:50ed20efda12d59d5264398f0fff94336f6b3d82ae0e561cc805ccb60ce6e85d",
                "sha256:ceded7eabc4f79744765fe812063cf2f24d98941c3421e6555629e943b12a9b7"
            ],
            "markers": "python_version >= '3.6'",
            "version": "==3.3.64"
        },
        "db": {
            "editable": true,
            "path": "./layers/db"
        },
        "flake8": {
            "hashes": [
                "sha256:749dbbd6bfd0cf1318af27bf97a14e28e5ff548ef8e5b1566ccfb25a11e7c839",
                "sha256:aadae8761ec651813c24be05c6f7b4680857ef6afaae4651a4eccaef97ce6c3b"
            ],
            "index": "pypi",
            "version": "==3.8.4"
        },
        "iniconfig": {
            "hashes": [
                "sha256:011e24c64b7f47f6ebd835bb12a743f2fbe9a26d4cecaa7f53bc4f35ee9da8b3",
                "sha256:bc3af051d7d14b2ee5ef9969666def0cd1a000e121eaea580d4a313df4b37f32"
            ],
            "version": "==1.1.1"
        },
        "isort": {
            "hashes": [
                "sha256:c729845434366216d320e936b8ad6f9d681aab72dc7cbc2d51bedc3582f3ad1e",
                "sha256:fff4f0c04e1825522ce6949973e83110a6e907750cd92d128b0d14aaaadbffdc"
            ],
            "index": "pypi",
            "version": "==5.7.0"
        },
        "jmespath": {
            "hashes": [
                "sha256:b85d0567b8666149a93172712e68920734333c0ce7e89b78b3e987f71e5ed4f9",
                "sha256:cdf6525904cc597730141d61b36f2e4b8ecc257c420fa2f4549bac2c2d0cb72f"
            ],
            "markers": "python_version >= '2.6' and python_version not in '3.0, 3.1, 3.2, 3.3'",
            "version": "==0.10.0"
        },
        "jsii": {
            "hashes": [
                "sha256:dcb46fd389e7f102413a6a5ddab3d541ee6afce9529a544dff468db28dd81bcc",
                "sha256:fe127b4f9ae336efb0fa4212c36fa7cf5e11cf952c4faff7868197c8364b4870"
            ],
            "markers": "python_version ~= '3.6'",
            "version": "==1.24.0"
        },
        "mccabe": {
            "hashes": [
                "sha256:ab8a6258860da4b6677da4bd2fe5dc2c659cff31b3ee4f7f5d64e79735b80d42",
                "sha256:dd8d182285a0fe56bace7f45b5e7d1a6ebcbf524e8f3bd87eb0f125271b8831f"
            ],
            "version": "==0.6.1"
        },
        "mypy-extensions": {
            "hashes": [
                "sha256:090fedd75945a69ae91ce1303b5824f428daf5a028d2f6ab8a299250a846f15d",
                "sha256:2d82818f5bb3e369420cb3c4060a7970edba416647068eb4c5343488a6c604a8"
            ],
            "version": "==0.4.3"
        },
        "packaging": {
            "hashes": [
                "sha256:5b327ac1320dc863dca72f4514ecc086f31186744b84a230374cc1fd776feae5",
                "sha256:67714da7f7bc052e064859c05c595155bd1ee9f69f76557e21f051443c20947a"
            ],
            "markers": "python_version >= '2.7' and python_version not in '3.0, 3.1, 3.2, 3.3'",
            "version": "==20.9"
        },
        "pathspec": {
            "hashes": [
                "sha256:86379d6b86d75816baba717e64b1a3a3469deb93bb76d613c9ce79edc5cb68fd",
                "sha256:aa0cb481c4041bf52ffa7b0d8fa6cd3e88a2ca4879c533c9153882ee2556790d"
            ],
            "version": "==0.8.1"
        },
        "pluggy": {
            "hashes": [
                "sha256:15b2acde666561e1298d71b523007ed7364de07029219b604cf808bfa1c765b0",
                "sha256:966c145cd83c96502c3c3868f50408687b38434af77734af1e9ca461a4081d2d"
            ],
            "markers": "python_version >= '2.7' and python_version not in '3.0, 3.1, 3.2, 3.3'",
            "version": "==0.13.1"
        },
        "polling2": {
            "hashes": [
                "sha256:003facc3b47ac1e03847610c484409315bc2b2496ff48d0f05114e833cc27a5f",
                "sha256:6fd676640c4575b3d94888b34086cf64ad2ce6b3314107ecd42add2be8224fe0"
            ],
            "index": "pypi",
            "version": "==0.4.6"
        },
        "psycopg2": {
            "hashes": [
                "sha256:00195b5f6832dbf2876b8bf77f12bdce648224c89c880719c745b90515233301",
                "sha256:068115e13c70dc5982dfc00c5d70437fe37c014c808acce119b5448361c03725",
                "sha256:26e7fd115a6db75267b325de0fba089b911a4a12ebd3d0b5e7acb7028bc46821",
                "sha256:2c93d4d16933fea5bbacbe1aaf8fa8c1348740b2e50b3735d1b0bf8154cbf0f3",
                "sha256:56007a226b8e95aa980ada7abdea6b40b75ce62a433bd27cec7a8178d57f4051",
                "sha256:56fee7f818d032f802b8eed81ef0c1232b8b42390df189cab9cfa87573fe52c5",
                "sha256:6a3d9efb6f36f1fe6aa8dbb5af55e067db802502c55a9defa47c5a1dad41df84",
                "sha256:a49833abfdede8985ba3f3ec641f771cca215479f41523e99dace96d5b8cce2a",
                "sha256:ad2fe8a37be669082e61fb001c185ffb58867fdbb3e7a6b0b0d2ffe232353a3e",
                "sha256:b8cae8b2f022efa1f011cc753adb9cbadfa5a184431d09b273fb49b4167561ad",
                "sha256:d160744652e81c80627a909a0e808f3c6653a40af435744de037e3172cf277f5",
                "sha256:d5062ae50b222da28253059880a871dc87e099c25cb68acf613d9d227413d6f7",
                "sha256:f22ea9b67aea4f4a1718300908a2fb62b3e4276cf00bd829a97ab5894af42ea3",
                "sha256:f974c96fca34ae9e4f49839ba6b78addf0346777b46c4da27a7bf54f48d3057d",
                "sha256:fb23f6c71107c37fd667cb4ea363ddeb936b348bbd6449278eb92c189699f543"
            ],
            "index": "pypi",
            "version": "==2.8.6"
        },
        "publication": {
            "hashes": [
                "sha256:0248885351febc11d8a1098d5c8e3ab2dabcf3e8c0c96db1e17ecd12b53afbe6",
                "sha256:68416a0de76dddcdd2930d1c8ef853a743cc96c82416c4e4d3b5d901c6276dc4"
            ],
            "version": "==0.0.3"
        },
        "py": {
            "hashes": [
                "sha256:21b81bda15b66ef5e1a777a21c4dcd9c20ad3efd0b3f817e7a809035269e1bd3",
                "sha256:3b80836aa6d1feeaa108e046da6423ab8f6ceda6468545ae8d02d9d58d18818a"
            ],
            "markers": "python_version >= '2.7' and python_version not in '3.0, 3.1, 3.2, 3.3'",
            "version": "==1.10.0"
        },
        "pycodestyle": {
            "hashes": [
                "sha256:2295e7b2f6b5bd100585ebcb1f616591b652db8a741695b3d8f5d28bdc934367",
                "sha256:c58a7d2815e0e8d7972bf1803331fb0152f867bd89adf8a01dfd55085434192e"
            ],
            "markers": "python_version >= '2.7' and python_version not in '3.0, 3.1, 3.2, 3.3'",
            "version": "==2.6.0"
        },
        "pyflakes": {
            "hashes": [
                "sha256:0d94e0e05a19e57a99444b6ddcf9a6eb2e5c68d3ca1e98e90707af8152c90a92",
                "sha256:35b2d75ee967ea93b55750aa9edbbf72813e06a66ba54438df2cfac9e3c27fc8"
            ],
            "markers": "python_version >= '2.7' and python_version not in '3.0, 3.1, 3.2, 3.3'",
            "version": "==2.2.0"
        },
        "pyparsing": {
            "hashes": [
                "sha256:c203ec8783bf771a155b207279b9bccb8dea02d8f0c9e5f8ead507bc3246ecc1",
                "sha256:ef9d7589ef3c200abe66653d3f1ab1033c3c419ae9b9bdb1240a85b024efc88b"
            ],
            "markers": "python_version >= '2.6' and python_version not in '3.0, 3.1, 3.2, 3.3'",
            "version": "==2.4.7"
        },
        "pytest": {
            "hashes": [
                "sha256:9d1edf9e7d0b84d72ea3dbcdfd22b35fb543a5e8f2a60092dd578936bf63d7f9",
                "sha256:b574b57423e818210672e07ca1fa90aaf194a4f63f3ab909a2c67ebb22913839"
            ],
            "index": "pypi",
            "version": "==6.2.2"
        },
        "python-dateutil": {
            "hashes": [
                "sha256:73ebfe9dbf22e832286dafa60473e4cd239f8592f699aa5adaf10050e6e1823c",
                "sha256:75bb3f31ea686f1197762692a9ee6a7550b59fc6ca3a1f4b5d7e32fb98e2da2a"
            ],
            "markers": "python_version >= '2.7' and python_version not in '3.0, 3.1, 3.2, 3.3'",
            "version": "==2.8.1"
        },
        "regex": {
            "hashes": [
                "sha256:02951b7dacb123d8ea6da44fe45ddd084aa6777d4b2454fa0da61d569c6fa538",
                "sha256:0d08e71e70c0237883d0bef12cad5145b84c3705e9c6a588b2a9c7080e5af2a4",
                "sha256:1862a9d9194fae76a7aaf0150d5f2a8ec1da89e8b55890b1786b8f88a0f619dc",
                "sha256:1ab79fcb02b930de09c76d024d279686ec5d532eb814fd0ed1e0051eb8bd2daa",
                "sha256:1fa7ee9c2a0e30405e21031d07d7ba8617bc590d391adfc2b7f1e8b99f46f444",
                "sha256:262c6825b309e6485ec2493ffc7e62a13cf13fb2a8b6d212f72bd53ad34118f1",
                "sha256:2a11a3e90bd9901d70a5b31d7dd85114755a581a5da3fc996abfefa48aee78af",
                "sha256:2c99e97d388cd0a8d30f7c514d67887d8021541b875baf09791a3baad48bb4f8",
                "sha256:3128e30d83f2e70b0bed9b2a34e92707d0877e460b402faca908c6667092ada9",
                "sha256:38c8fd190db64f513fe4e1baa59fed086ae71fa45083b6936b52d34df8f86a88",
                "sha256:3bddc701bdd1efa0d5264d2649588cbfda549b2899dc8d50417e47a82e1387ba",
                "sha256:4902e6aa086cbb224241adbc2f06235927d5cdacffb2425c73e6570e8d862364",
                "sha256:49cae022fa13f09be91b2c880e58e14b6da5d10639ed45ca69b85faf039f7a4e",
                "sha256:56e01daca75eae420bce184edd8bb341c8eebb19dd3bce7266332258f9fb9dd7",
                "sha256:5862975b45d451b6db51c2e654990c1820523a5b07100fc6903e9c86575202a0",
                "sha256:6a8ce43923c518c24a2579fda49f093f1397dad5d18346211e46f134fc624e31",
                "sha256:6c54ce4b5d61a7129bad5c5dc279e222afd00e721bf92f9ef09e4fae28755683",
                "sha256:6e4b08c6f8daca7d8f07c8d24e4331ae7953333dbd09c648ed6ebd24db5a10ee",
                "sha256:717881211f46de3ab130b58ec0908267961fadc06e44f974466d1887f865bd5b",
                "sha256:749078d1eb89484db5f34b4012092ad14b327944ee7f1c4f74d6279a6e4d1884",
                "sha256:7913bd25f4ab274ba37bc97ad0e21c31004224ccb02765ad984eef43e04acc6c",
                "sha256:7a25fcbeae08f96a754b45bdc050e1fb94b95cab046bf56b016c25e9ab127b3e",
                "sha256:83d6b356e116ca119db8e7c6fc2983289d87b27b3fac238cfe5dca529d884562",
                "sha256:8b882a78c320478b12ff024e81dc7d43c1462aa4a3341c754ee65d857a521f85",
                "sha256:8f6a2229e8ad946e36815f2a03386bb8353d4bde368fdf8ca5f0cb97264d3b5c",
                "sha256:9801c4c1d9ae6a70aeb2128e5b4b68c45d4f0af0d1535500884d644fa9b768c6",
                "sha256:a15f64ae3a027b64496a71ab1f722355e570c3fac5ba2801cafce846bf5af01d",
                "sha256:a3d748383762e56337c39ab35c6ed4deb88df5326f97a38946ddd19028ecce6b",
                "sha256:a63f1a07932c9686d2d416fb295ec2c01ab246e89b4d58e5fa468089cab44b70",
                "sha256:b2b1a5ddae3677d89b686e5c625fc5547c6e492bd755b520de5332773a8af06b",
                "sha256:b2f4007bff007c96a173e24dcda236e5e83bde4358a557f9ccf5e014439eae4b",
                "sha256:baf378ba6151f6e272824b86a774326f692bc2ef4cc5ce8d5bc76e38c813a55f",
                "sha256:bafb01b4688833e099d79e7efd23f99172f501a15c44f21ea2118681473fdba0",
                "sha256:bba349276b126947b014e50ab3316c027cac1495992f10e5682dc677b3dfa0c5",
                "sha256:c084582d4215593f2f1d28b65d2a2f3aceff8342aa85afd7be23a9cad74a0de5",
                "sha256:d1ebb090a426db66dd80df8ca85adc4abfcbad8a7c2e9a5ec7513ede522e0a8f",
                "sha256:d2d8ce12b7c12c87e41123997ebaf1a5767a5be3ec545f64675388970f415e2e",
                "sha256:e32f5f3d1b1c663af7f9c4c1e72e6ffe9a78c03a31e149259f531e0fed826512",
                "sha256:e3faaf10a0d1e8e23a9b51d1900b72e1635c2d5b0e1bea1c18022486a8e2e52d",
                "sha256:f7d29a6fc4760300f86ae329e3b6ca28ea9c20823df123a2ea8693e967b29917",
                "sha256:f8f295db00ef5f8bae530fc39af0b40486ca6068733fb860b42115052206466f"
            ],
            "version": "==2020.11.13"
        },
        "s3transfer": {
            "hashes": [
                "sha256:1e28620e5b444652ed752cf87c7e0cb15b0e578972568c6609f0f18212f259ed",
                "sha256:7fdddb4f22275cf1d32129e21f056337fd2a80b6ccef1664528145b72c49e6d2"
            ],
            "version": "==0.3.4"
        },
        "six": {
            "hashes": [
                "sha256:30639c035cdb23534cd4aa2dd52c3bf48f06e5f4a941509c8bafd8ce11080259",
                "sha256:8b74bedcbbbaca38ff6d7491d76f2b06b3592611af620f8426e82dddb04a5ced"
            ],
            "markers": "python_version >= '2.7' and python_version not in '3.0, 3.1, 3.2, 3.3'",
            "version": "==1.15.0"
        },
        "sqlalchemy": {
            "hashes": [
                "sha256:040bdfc1d76a9074717a3f43455685f781c581f94472b010cd6c4754754e1862",
                "sha256:1fe5d8d39118c2b018c215c37b73fd6893c3e1d4895be745ca8ff6eb83333ed3",
                "sha256:23927c3981d1ec6b4ea71eb99d28424b874d9c696a21e5fbd9fa322718be3708",
                "sha256:24f9569e82a009a09ce2d263559acb3466eba2617203170e4a0af91e75b4f075",
                "sha256:2578dbdbe4dbb0e5126fb37ffcd9793a25dcad769a95f171a2161030bea850ff",
                "sha256:269990b3ab53cb035d662dcde51df0943c1417bdab707dc4a7e4114a710504b4",
                "sha256:29cccc9606750fe10c5d0e8bd847f17a97f3850b8682aef1f56f5d5e1a5a64b1",
                "sha256:37b83bf81b4b85dda273aaaed5f35ea20ad80606f672d94d2218afc565fb0173",
                "sha256:63677d0c08524af4c5893c18dbe42141de7178001360b3de0b86217502ed3601",
                "sha256:639940bbe1108ac667dcffc79925db2966826c270112e9159439ab6bb14f8d80",
                "sha256:6a939a868fdaa4b504e8b9d4a61f21aac11e3fecc8a8214455e144939e3d2aea",
                "sha256:6b8b8c80c7f384f06825612dd078e4a31f0185e8f1f6b8c19e188ff246334205",
                "sha256:6c9e6cc9237de5660bcddea63f332428bb83c8e2015c26777281f7ffbd2efb84",
                "sha256:6ec1044908414013ebfe363450c22f14698803ce97fbb47e53284d55c5165848",
                "sha256:6fca33672578666f657c131552c4ef8979c1606e494f78cd5199742dfb26918b",
                "sha256:751934967f5336a3e26fc5993ccad1e4fee982029f9317eb6153bc0bc3d2d2da",
                "sha256:8be835aac18ec85351385e17b8665bd4d63083a7160a017bef3d640e8e65cadb",
                "sha256:927ce09e49bff3104459e1451ce82983b0a3062437a07d883a4c66f0b344c9b5",
                "sha256:94208867f34e60f54a33a37f1c117251be91a47e3bfdb9ab8a7847f20886ad06",
                "sha256:94f667d86be82dd4cb17d08de0c3622e77ca865320e0b95eae6153faa7b4ecaf",
                "sha256:9e9c25522933e569e8b53ccc644dc993cab87e922fb7e142894653880fdd419d",
                "sha256:a0e306e9bb76fd93b29ae3a5155298e4c1b504c7cbc620c09c20858d32d16234",
                "sha256:a8bfc1e1afe523e94974132d7230b82ca7fa2511aedde1f537ec54db0399541a",
                "sha256:ac2244e64485c3778f012951fdc869969a736cd61375fde6096d08850d8be729",
                "sha256:b4b0e44d586cd64b65b507fa116a3814a1a53d55dce4836d7c1a6eb2823ff8d1",
                "sha256:baeb451ee23e264de3f577fee5283c73d9bbaa8cb921d0305c0bbf700094b65b",
                "sha256:c7dc052432cd5d060d7437e217dd33c97025287f99a69a50e2dc1478dd610d64",
                "sha256:d1a85dfc5dee741bf49cb9b6b6b8d2725a268e4992507cf151cba26b17d97c37",
                "sha256:d90010304abb4102123d10cbad2cdf2c25a9f2e66a50974199b24b468509bad5",
                "sha256:ddfb511e76d016c3a160910642d57f4587dc542ce5ee823b0d415134790eeeb9",
                "sha256:e273367f4076bd7b9a8dc2e771978ef2bfd6b82526e80775a7db52bff8ca01dd",
                "sha256:e5bb3463df697279e5459a7316ad5a60b04b0107f9392e88674d0ece70e9cf70",
                "sha256:e8a1750b44ad6422ace82bf3466638f1aa0862dbb9689690d5f2f48cce3476c8",
                "sha256:eab063a70cca4a587c28824e18be41d8ecc4457f8f15b2933584c6c6cccd30f0",
                "sha256:ecce8c021894a77d89808222b1ff9687ad84db54d18e4bd0500ca766737faaf6",
                "sha256:f4d972139d5000105fcda9539a76452039434013570d6059993120dc2a65e447",
                "sha256:fd3b96f8c705af8e938eaa99cbd8fd1450f632d38cad55e7367c33b263bf98ec",
                "sha256:fdd2ed7395df8ac2dbb10cefc44737b66c6a5cd7755c92524733d7a443e5b7e2"
            ],
            "markers": "python_version >= '2.7' and python_version not in '3.0, 3.1, 3.2, 3.3'",
            "version": "==1.3.23"
        },
        "toml": {
            "hashes": [
                "sha256:806143ae5bfb6a3c6e736a764057db0e6a0e05e338b5630894a5f779cabb4f9b",
                "sha256:b3bda1d108d5dd99f4a20d24d9c348e91c4db7ab1b749200bded2f839ccbe68f"
            ],
            "markers": "python_version >= '2.6' and python_version not in '3.0, 3.1, 3.2, 3.3'",
            "version": "==0.10.2"
        },
        "typed-ast": {
            "hashes": [
                "sha256:07d49388d5bf7e863f7fa2f124b1b1d89d8aa0e2f7812faff0a5658c01c59aa1",
                "sha256:14bf1522cdee369e8f5581238edac09150c765ec1cb33615855889cf33dcb92d",
                "sha256:240296b27397e4e37874abb1df2a608a92df85cf3e2a04d0d4d61055c8305ba6",
                "sha256:36d829b31ab67d6fcb30e185ec996e1f72b892255a745d3a82138c97d21ed1cd",
                "sha256:37f48d46d733d57cc70fd5f30572d11ab8ed92da6e6b28e024e4a3edfb456e37",
                "sha256:4c790331247081ea7c632a76d5b2a265e6d325ecd3179d06e9cf8d46d90dd151",
                "sha256:5dcfc2e264bd8a1db8b11a892bd1647154ce03eeba94b461effe68790d8b8e07",
                "sha256:7147e2a76c75f0f64c4319886e7639e490fee87c9d25cb1d4faef1d8cf83a440",
                "sha256:7703620125e4fb79b64aa52427ec192822e9f45d37d4b6625ab37ef403e1df70",
                "sha256:8368f83e93c7156ccd40e49a783a6a6850ca25b556c0fa0240ed0f659d2fe496",
                "sha256:84aa6223d71012c68d577c83f4e7db50d11d6b1399a9c779046d75e24bed74ea",
                "sha256:85f95aa97a35bdb2f2f7d10ec5bbdac0aeb9dafdaf88e17492da0504de2e6400",
                "sha256:8db0e856712f79c45956da0c9a40ca4246abc3485ae0d7ecc86a20f5e4c09abc",
                "sha256:9044ef2df88d7f33692ae3f18d3be63dec69c4fb1b5a4a9ac950f9b4ba571606",
                "sha256:963c80b583b0661918718b095e02303d8078950b26cc00b5e5ea9ababe0de1fc",
                "sha256:987f15737aba2ab5f3928c617ccf1ce412e2e321c77ab16ca5a293e7bbffd581",
                "sha256:9ec45db0c766f196ae629e509f059ff05fc3148f9ffd28f3cfe75d4afb485412",
                "sha256:9fc0b3cb5d1720e7141d103cf4819aea239f7d136acf9ee4a69b047b7986175a",
                "sha256:a2c927c49f2029291fbabd673d51a2180038f8cd5a5b2f290f78c4516be48be2",
                "sha256:a38878a223bdd37c9709d07cd357bb79f4c760b29210e14ad0fb395294583787",
                "sha256:b4fcdcfa302538f70929eb7b392f536a237cbe2ed9cba88e3bf5027b39f5f77f",
                "sha256:c0c74e5579af4b977c8b932f40a5464764b2f86681327410aa028a22d2f54937",
                "sha256:c1c876fd795b36126f773db9cbb393f19808edd2637e00fd6caba0e25f2c7b64",
                "sha256:c9aadc4924d4b5799112837b226160428524a9a45f830e0d0f184b19e4090487",
                "sha256:cc7b98bf58167b7f2db91a4327da24fb93368838eb84a44c472283778fc2446b",
                "sha256:cf54cfa843f297991b7388c281cb3855d911137223c6b6d2dd82a47ae5125a41",
                "sha256:d003156bb6a59cda9050e983441b7fa2487f7800d76bdc065566b7d728b4581a",
                "sha256:d175297e9533d8d37437abc14e8a83cbc68af93cc9c1c59c2c292ec59a0697a3",
                "sha256:d746a437cdbca200622385305aedd9aef68e8a645e385cc483bdc5e488f07166",
                "sha256:e683e409e5c45d5c9082dc1daf13f6374300806240719f95dc783d1fc942af10"
            ],
            "version": "==1.4.2"
        },
        "typing-extensions": {
            "hashes": [
                "sha256:7cb407020f00f7bfc3cb3e7881628838e69d8f3fcab2f64742a5e76b2f841918",
                "sha256:99d4073b617d30288f569d3f13d2bd7548c3a7e4c8de87db09a9d29bb3a4a60c",
                "sha256:dafc7639cde7f1b6e1acc0f457842a83e722ccca8eef5270af2d74792619a89f"
            ],
            "version": "==3.7.4.3"
        },
        "urllib3": {
            "hashes": [
                "sha256:1b465e494e3e0d8939b50680403e3aedaa2bc434b7d5af64dfd3c958d7f5ae80",
                "sha256:de3eedaad74a2683334e282005cd8d7f22f4d55fa690a2a1020a416cb0a47e73"
            ],
            "markers": "python_version >= '2.7' and python_version not in '3.0, 3.1, 3.2, 3.3, 3.4' and python_version < '4.0'",
            "version": "==1.26.3"
        }
    }
}
